// !$*UTF8*$!
{
	archiveVersion = 1;
	classes = {
	};
	objectVersion = 52;
	objects = {

/* Begin PBXBuildFile section */
		380270DC75669C903C956ACF /* Pods_JPPerformanceUITests.framework in Frameworks */ = {isa = PBXBuildFile; fileRef = 8C55AAB930200A401A9752A6 /* Pods_JPPerformanceUITests.framework */; };
		59024D5F1F705D4B0022A61D /* JPPerformanceUITests.swift in Sources */ = {isa = PBXBuildFile; fileRef = 59024D5E1F705D4B0022A61D /* JPPerformanceUITests.swift */; };
		59024D6C1F705F7D0022A61D /* SnapshotHelper.swift in Sources */ = {isa = PBXBuildFile; fileRef = 59024D6B1F705F7C0022A61D /* SnapshotHelper.swift */; };
		590B344A228E98E400D9FCB5 /* GoogleService-Info.plist in Resources */ = {isa = PBXBuildFile; fileRef = 590B3449228E98E400D9FCB5 /* GoogleService-Info.plist */; };
		592BB05921850D9400AD400C /* SimulatorStatusMagiciOS.framework in Frameworks */ = {isa = PBXBuildFile; fileRef = 5952A3BD1F730FA300313132 /* SimulatorStatusMagiciOS.framework */; };
		59356FF31F6EC6F700EFF311 /* Array.swift in Sources */ = {isa = PBXBuildFile; fileRef = 59356FF21F6EC6F700EFF311 /* Array.swift */; };
		5942B34D213E75DD00F463F9 /* SwiftyStoreKit.framework in Frameworks */ = {isa = PBXBuildFile; fileRef = 5942B34C213E75DD00F463F9 /* SwiftyStoreKit.framework */; };
		594E504620E399BF00CCC158 /* Collection.swift in Sources */ = {isa = PBXBuildFile; fileRef = 594E504520E399BF00CCC158 /* Collection.swift */; };
		594F393023993A2B00D6ED20 /* MainNavigationHeader.xib in Resources */ = {isa = PBXBuildFile; fileRef = 594F392F23993A2B00D6ED20 /* MainNavigationHeader.xib */; };
		594F393223993AE600D6ED20 /* MainDetailsHeader.xib in Resources */ = {isa = PBXBuildFile; fileRef = 594F393123993AE600D6ED20 /* MainDetailsHeader.xib */; };
		5952A3C51F765A2700313132 /* ImageSlideshow.framework in Frameworks */ = {isa = PBXBuildFile; fileRef = 5952A3C41F765A2700313132 /* ImageSlideshow.framework */; };
		59696223213DC73B00172F5F /* Localizable.strings in Resources */ = {isa = PBXBuildFile; fileRef = 59696225213DC73B00172F5F /* Localizable.strings */; };
		5969622B213DCE4500172F5F /* String.swift in Sources */ = {isa = PBXBuildFile; fileRef = 5969622A213DCE4500172F5F /* String.swift */; };
		5973F30D1F6DC88400A0FFE9 /* Formatter.swift in Sources */ = {isa = PBXBuildFile; fileRef = 5973F30C1F6DC88400A0FFE9 /* Formatter.swift */; };
		5973F3141F6DC89C00A0FFE9 /* Integer.swift in Sources */ = {isa = PBXBuildFile; fileRef = 5973F3131F6DC89C00A0FFE9 /* Integer.swift */; };
		5981E9852398E2E400CD57FF /* Cache+Manufacturers.swift in Sources */ = {isa = PBXBuildFile; fileRef = 5981E9842398E2E400CD57FF /* Cache+Manufacturers.swift */; };
		5981E9872398E37800CD57FF /* Cache+CarModels.swift in Sources */ = {isa = PBXBuildFile; fileRef = 5981E9862398E37800CD57FF /* Cache+CarModels.swift */; };
		5981E9892398E45F00CD57FF /* Cache+CarImages.swift in Sources */ = {isa = PBXBuildFile; fileRef = 5981E9882398E45F00CD57FF /* Cache+CarImages.swift */; };
		5981E98B2398E4C700CD57FF /* Cache+CarStages.swift in Sources */ = {isa = PBXBuildFile; fileRef = 5981E98A2398E4C700CD57FF /* Cache+CarStages.swift */; };
		5981E98D2398E50600CD57FF /* Cache+StageTiming.swift in Sources */ = {isa = PBXBuildFile; fileRef = 5981E98C2398E50600CD57FF /* Cache+StageTiming.swift */; };
		5981E98F2398E54300CD57FF /* Cache+YoutubeVideo.swift in Sources */ = {isa = PBXBuildFile; fileRef = 5981E98E2398E54300CD57FF /* Cache+YoutubeVideo.swift */; };
		5981E9912398E58200CD57FF /* Cache+CarStageYoutubeVideoRelations.swift in Sources */ = {isa = PBXBuildFile; fileRef = 5981E9902398E58200CD57FF /* Cache+CarStageYoutubeVideoRelations.swift */; };
		5981E9932398E5CE00CD57FF /* Cache+VideoSerie.swift in Sources */ = {isa = PBXBuildFile; fileRef = 5981E9922398E5CE00CD57FF /* Cache+VideoSerie.swift */; };
		5981E9952398E5FC00CD57FF /* Cache+VideoSerieYoutubeVideo.swift in Sources */ = {isa = PBXBuildFile; fileRef = 5981E9942398E5FC00CD57FF /* Cache+VideoSerieYoutubeVideo.swift */; };
		5981E9982398F01C00CD57FF /* ManufacturerLogos.xcassets in Resources */ = {isa = PBXBuildFile; fileRef = 5981E9972398F01C00CD57FF /* ManufacturerLogos.xcassets */; };
		5981E99A2398FBFF00CD57FF /* MainVC.swift in Sources */ = {isa = PBXBuildFile; fileRef = 5981E9992398FBFF00CD57FF /* MainVC.swift */; };
		5981E99C2398FEF600CD57FF /* Colors.xcassets in Resources */ = {isa = PBXBuildFile; fileRef = 5981E99B2398FEF600CD57FF /* Colors.xcassets */; };
		599145E423980856005FDB11 /* AdMob.swift in Sources */ = {isa = PBXBuildFile; fileRef = 598F76702049F31300726380 /* AdMob.swift */; };
		599145E62398097C005FDB11 /* UIApplication.swift in Sources */ = {isa = PBXBuildFile; fileRef = 599145E52398097C005FDB11 /* UIApplication.swift */; };
		599145E723980AE3005FDB11 /* PurchaseService.swift in Sources */ = {isa = PBXBuildFile; fileRef = 5942B34A213E72BF00F463F9 /* PurchaseService.swift */; };
		59A18AAB1F6D0BBC008789BA /* AppDelegate.swift in Sources */ = {isa = PBXBuildFile; fileRef = 59A18AAA1F6D0BBC008789BA /* AppDelegate.swift */; };
		59B55ADB1F6EF9F400A5D95E /* SwiftDate.framework in Frameworks */ = {isa = PBXBuildFile; fileRef = 59B55ADA1F6EF9F400A5D95E /* SwiftDate.framework */; };
		59C590052397F16A00EE14AB /* Assets.xcassets in Resources */ = {isa = PBXBuildFile; fileRef = 59C590042397F16A00EE14AB /* Assets.xcassets */; };
		59C590082397F2C400EE14AB /* LaunchScreen.storyboard in Resources */ = {isa = PBXBuildFile; fileRef = 59C590072397F2C400EE14AB /* LaunchScreen.storyboard */; };
		59C5900A2397F2CE00EE14AB /* Main.storyboard in Resources */ = {isa = PBXBuildFile; fileRef = 59C590092397F2CE00EE14AB /* Main.storyboard */; };
		59C5900D2398005D00EE14AB /* Keys.swift in Sources */ = {isa = PBXBuildFile; fileRef = 59DA5FD2229026730077FD39 /* Keys.swift */; };
		59C590102398016500EE14AB /* JPFanAppClient in Frameworks */ = {isa = PBXBuildFile; productRef = 59C5900F2398016500EE14AB /* JPFanAppClient */; };
		59C59013239803A200EE14AB /* Cache.framework in Frameworks */ = {isa = PBXBuildFile; fileRef = 59C59012239803A200EE14AB /* Cache.framework */; };
		59C59015239803D400EE14AB /* HTTP.swift in Sources */ = {isa = PBXBuildFile; fileRef = 59C59014239803D400EE14AB /* HTTP.swift */; };
		59C590172398043700EE14AB /* Cache.swift in Sources */ = {isa = PBXBuildFile; fileRef = 59C590162398043700EE14AB /* Cache.swift */; };
		59C590182398072A00EE14AB /* Feedback.swift in Sources */ = {isa = PBXBuildFile; fileRef = 59939EF2204B4CAE0038427F /* Feedback.swift */; };
		59C590192398075B00EE14AB /* Review.swift in Sources */ = {isa = PBXBuildFile; fileRef = 59939EF4204B4DAC0038427F /* Review.swift */; };
		59C5901A2398077000EE14AB /* Preferences.swift in Sources */ = {isa = PBXBuildFile; fileRef = 59939EF6204B4DD30038427F /* Preferences.swift */; };
		59DA5FD12290264C0077FD39 /* Keys.plist in Resources */ = {isa = PBXBuildFile; fileRef = 59DA5FD02290264C0077FD39 /* Keys.plist */; };
		59DE605E23993F0A0004FCE6 /* MainVC+ViewModel.swift in Sources */ = {isa = PBXBuildFile; fileRef = 59DE605D23993F0A0004FCE6 /* MainVC+ViewModel.swift */; };
		59DE606023994B830004FCE6 /* ManufacturersTableViewCell.swift in Sources */ = {isa = PBXBuildFile; fileRef = 59DE605F23994B830004FCE6 /* ManufacturersTableViewCell.swift */; };
		59DE606223994DF00004FCE6 /* ManufacturerCollectionViewCell.swift in Sources */ = {isa = PBXBuildFile; fileRef = 59DE606123994DF00004FCE6 /* ManufacturerCollectionViewCell.swift */; };
		59DE606423994FC40004FCE6 /* ManufacturerLogoMapper.swift in Sources */ = {isa = PBXBuildFile; fileRef = 59DE606323994FC40004FCE6 /* ManufacturerLogoMapper.swift */; };
		59DE60662399558F0004FCE6 /* CarModelsTableViewCell.swift in Sources */ = {isa = PBXBuildFile; fileRef = 59DE60652399558F0004FCE6 /* CarModelsTableViewCell.swift */; };
		59DE6068239956230004FCE6 /* CarModelCollectionViewCell.swift in Sources */ = {isa = PBXBuildFile; fileRef = 59DE6067239956230004FCE6 /* CarModelCollectionViewCell.swift */; };
		59DE6111239A2CF40004FCE6 /* MainNavigationHeader.swift in Sources */ = {isa = PBXBuildFile; fileRef = 59DE6110239A2CF40004FCE6 /* MainNavigationHeader.swift */; };
		59DE6116239A2D8C0004FCE6 /* MainDetailsHeader.swift in Sources */ = {isa = PBXBuildFile; fileRef = 59DE6115239A2D8C0004FCE6 /* MainDetailsHeader.swift */; };
		59DE6118239A326A0004FCE6 /* AdMobTableViewCell.swift in Sources */ = {isa = PBXBuildFile; fileRef = 59DE6117239A326A0004FCE6 /* AdMobTableViewCell.swift */; };
		59DE611A239A35720004FCE6 /* ShowDetailsTableViewCell.swift in Sources */ = {isa = PBXBuildFile; fileRef = 59DE6119239A35720004FCE6 /* ShowDetailsTableViewCell.swift */; };
		59DE611C239A3BD40004FCE6 /* YoutubeVideosTableViewCell.swift in Sources */ = {isa = PBXBuildFile; fileRef = 59DE611B239A3BD40004FCE6 /* YoutubeVideosTableViewCell.swift */; };
		59DE611E239A3C190004FCE6 /* VideoSeriesTableViewCell.swift in Sources */ = {isa = PBXBuildFile; fileRef = 59DE611D239A3C190004FCE6 /* VideoSeriesTableViewCell.swift */; };
		59DE6120239A3C910004FCE6 /* YoutubeVideoCollectionViewCell.swift in Sources */ = {isa = PBXBuildFile; fileRef = 59DE611F239A3C910004FCE6 /* YoutubeVideoCollectionViewCell.swift */; };
		59DE6122239A3CF80004FCE6 /* VideoSerieCollectionViewCell.swift in Sources */ = {isa = PBXBuildFile; fileRef = 59DE6121239A3CF80004FCE6 /* VideoSerieCollectionViewCell.swift */; };
		59DE6124239A48670004FCE6 /* Cache+PublicImage.swift in Sources */ = {isa = PBXBuildFile; fileRef = 59DE6123239A48670004FCE6 /* Cache+PublicImage.swift */; };
		59ED637C1F6D6AAB008A3A0F /* YouTubePlayer.framework in Frameworks */ = {isa = PBXBuildFile; fileRef = 59ED63761F6D6AAA008A3A0F /* YouTubePlayer.framework */; };
		59F9B461239A550D008AAF49 /* PerformanceBoard.storyboard in Resources */ = {isa = PBXBuildFile; fileRef = 59F9B460239A550D008AAF49 /* PerformanceBoard.storyboard */; };
		59F9B463239A5600008AAF49 /* PerformanceBoardVC.swift in Sources */ = {isa = PBXBuildFile; fileRef = 59F9B462239A5600008AAF49 /* PerformanceBoardVC.swift */; };
		59F9B469239A5762008AAF49 /* ManufacturersList.storyboard in Resources */ = {isa = PBXBuildFile; fileRef = 59F9B468239A5762008AAF49 /* ManufacturersList.storyboard */; };
		59F9B46B239A5774008AAF49 /* CarModelsSearch.storyboard in Resources */ = {isa = PBXBuildFile; fileRef = 59F9B46A239A5774008AAF49 /* CarModelsSearch.storyboard */; };
		59F9B46D239A5780008AAF49 /* YoutubeVideosList.storyboard in Resources */ = {isa = PBXBuildFile; fileRef = 59F9B46C239A5780008AAF49 /* YoutubeVideosList.storyboard */; };
		59F9B46F239A5791008AAF49 /* VideoSeriesList.storyboard in Resources */ = {isa = PBXBuildFile; fileRef = 59F9B46E239A5791008AAF49 /* VideoSeriesList.storyboard */; };
		59F9B472239A5DDC008AAF49 /* CarModelDetail.storyboard in Resources */ = {isa = PBXBuildFile; fileRef = 59F9B471239A5DDC008AAF49 /* CarModelDetail.storyboard */; };
		59F9B474239A5EFE008AAF49 /* ManufacturersListVC.swift in Sources */ = {isa = PBXBuildFile; fileRef = 59F9B473239A5EFE008AAF49 /* ManufacturersListVC.swift */; };
		59F9B476239A5F0D008AAF49 /* CarModelsSearchVC.swift in Sources */ = {isa = PBXBuildFile; fileRef = 59F9B475239A5F0D008AAF49 /* CarModelsSearchVC.swift */; };
		59F9B478239A5F1F008AAF49 /* YoutubeVideosListVC.swift in Sources */ = {isa = PBXBuildFile; fileRef = 59F9B477239A5F1F008AAF49 /* YoutubeVideosListVC.swift */; };
		59F9B47A239A5F33008AAF49 /* VideoSeriesListVC.swift in Sources */ = {isa = PBXBuildFile; fileRef = 59F9B479239A5F33008AAF49 /* VideoSeriesListVC.swift */; };
		59F9B47C239A6B54008AAF49 /* UIColor.swift in Sources */ = {isa = PBXBuildFile; fileRef = 59F9B47B239A6B54008AAF49 /* UIColor.swift */; };
		59F9B47E239A7F86008AAF49 /* CarModelDetailVC.swift in Sources */ = {isa = PBXBuildFile; fileRef = 59F9B47D239A7F86008AAF49 /* CarModelDetailVC.swift */; };
		59F9B481239A84FE008AAF49 /* CarModelDetailStageHeader.swift in Sources */ = {isa = PBXBuildFile; fileRef = 59F9B480239A84FE008AAF49 /* CarModelDetailStageHeader.swift */; };
		59F9B483239A8506008AAF49 /* CarModelDetailStageHeader.xib in Resources */ = {isa = PBXBuildFile; fileRef = 59F9B482239A8506008AAF49 /* CarModelDetailStageHeader.xib */; };
		59F9B486239A8698008AAF49 /* CarModelTimingTableViewCell.swift in Sources */ = {isa = PBXBuildFile; fileRef = 59F9B485239A8698008AAF49 /* CarModelTimingTableViewCell.swift */; };
		59F9B488239A94C6008AAF49 /* JPNavigationController.swift in Sources */ = {isa = PBXBuildFile; fileRef = 59F9B487239A94C6008AAF49 /* JPNavigationController.swift */; };
		BA7FBE31DBB6512B6BDED616 /* Pods_JPPerformance.framework in Frameworks */ = {isa = PBXBuildFile; fileRef = 5F6B346664D197FC63B426D9 /* Pods_JPPerformance.framework */; };
/* End PBXBuildFile section */

/* Begin PBXContainerItemProxy section */
		59024D611F705D4B0022A61D /* PBXContainerItemProxy */ = {
			isa = PBXContainerItemProxy;
			containerPortal = 59A18A9F1F6D0BBC008789BA /* Project object */;
			proxyType = 1;
			remoteGlobalIDString = 59A18AA61F6D0BBC008789BA;
			remoteInfo = JPPerformance;
		};
/* End PBXContainerItemProxy section */

/* Begin PBXFileReference section */
		59024D5C1F705D4B0022A61D /* JPPerformanceUITests.xctest */ = {isa = PBXFileReference; explicitFileType = wrapper.cfbundle; includeInIndex = 0; path = JPPerformanceUITests.xctest; sourceTree = BUILT_PRODUCTS_DIR; };
		59024D5E1F705D4B0022A61D /* JPPerformanceUITests.swift */ = {isa = PBXFileReference; lastKnownFileType = sourcecode.swift; path = JPPerformanceUITests.swift; sourceTree = "<group>"; };
		59024D601F705D4B0022A61D /* Info.plist */ = {isa = PBXFileReference; lastKnownFileType = text.plist.xml; path = Info.plist; sourceTree = "<group>"; };
		59024D6B1F705F7C0022A61D /* SnapshotHelper.swift */ = {isa = PBXFileReference; lastKnownFileType = sourcecode.swift; path = SnapshotHelper.swift; sourceTree = "<group>"; };
		590B3449228E98E400D9FCB5 /* GoogleService-Info.plist */ = {isa = PBXFileReference; fileEncoding = 4; lastKnownFileType = text.plist.xml; path = "GoogleService-Info.plist"; sourceTree = "<group>"; };
		5911813E1F6D5DF700A4B2EA /* JPVideoDetailVC.swift */ = {isa = PBXFileReference; lastKnownFileType = sourcecode.swift; path = JPVideoDetailVC.swift; sourceTree = "<group>"; };
		592A74A620508CEC000EC2D5 /* YoutubeFallbackVC.swift */ = {isa = PBXFileReference; lastKnownFileType = sourcecode.swift; path = YoutubeFallbackVC.swift; sourceTree = "<group>"; };
		592BB04A2183163700AD400C /* SeriesVC.swift */ = {isa = PBXFileReference; lastKnownFileType = sourcecode.swift; path = SeriesVC.swift; sourceTree = "<group>"; };
		592BB04E2183263A00AD400C /* VideoSerieCell.swift */ = {isa = PBXFileReference; lastKnownFileType = sourcecode.swift; path = VideoSerieCell.swift; sourceTree = "<group>"; };
		592BB052218342A900AD400C /* VideoSerieDetailVC.swift */ = {isa = PBXFileReference; lastKnownFileType = sourcecode.swift; path = VideoSerieDetailVC.swift; sourceTree = "<group>"; };
		592BB05421834FB600AD400C /* VideoSerieVideoCell.swift */ = {isa = PBXFileReference; lastKnownFileType = sourcecode.swift; path = VideoSerieVideoCell.swift; sourceTree = "<group>"; };
		592BB0562183D12700AD400C /* NavigationBar.swift */ = {isa = PBXFileReference; lastKnownFileType = sourcecode.swift; path = NavigationBar.swift; sourceTree = "<group>"; };
		59356FE51F6EAC2A00EFF311 /* CarService.swift */ = {isa = PBXFileReference; lastKnownFileType = sourcecode.swift; path = CarService.swift; sourceTree = "<group>"; };
		59356FEE1F6EAD9900EFF311 /* JPCarsVC.swift */ = {isa = PBXFileReference; lastKnownFileType = sourcecode.swift; path = JPCarsVC.swift; sourceTree = "<group>"; };
		59356FF01F6EB5DF00EFF311 /* CarTableViewCell.swift */ = {isa = PBXFileReference; lastKnownFileType = sourcecode.swift; path = CarTableViewCell.swift; sourceTree = "<group>"; };
		59356FF21F6EC6F700EFF311 /* Array.swift */ = {isa = PBXFileReference; lastKnownFileType = sourcecode.swift; path = Array.swift; sourceTree = "<group>"; };
		593FE0F020F897EF0092B89F /* CarBoardTableViewCellPSNM.swift */ = {isa = PBXFileReference; lastKnownFileType = sourcecode.swift; path = CarBoardTableViewCellPSNM.swift; sourceTree = "<group>"; };
		5942B34A213E72BF00F463F9 /* PurchaseService.swift */ = {isa = PBXFileReference; lastKnownFileType = sourcecode.swift; path = PurchaseService.swift; sourceTree = "<group>"; };
		5942B34C213E75DD00F463F9 /* SwiftyStoreKit.framework */ = {isa = PBXFileReference; lastKnownFileType = wrapper.framework; name = SwiftyStoreKit.framework; path = Carthage/Build/iOS/SwiftyStoreKit.framework; sourceTree = "<group>"; };
		5946ECD92048914C0008C144 /* TabBarItem.swift */ = {isa = PBXFileReference; lastKnownFileType = sourcecode.swift; path = TabBarItem.swift; sourceTree = "<group>"; };
		594E504120E3632400CCC158 /* CarSelectionVC.swift */ = {isa = PBXFileReference; lastKnownFileType = sourcecode.swift; path = CarSelectionVC.swift; sourceTree = "<group>"; };
		594E504320E387B900CCC158 /* CompareStageTableViewCell.swift */ = {isa = PBXFileReference; lastKnownFileType = sourcecode.swift; path = CompareStageTableViewCell.swift; sourceTree = "<group>"; };
		594E504520E399BF00CCC158 /* Collection.swift */ = {isa = PBXFileReference; lastKnownFileType = sourcecode.swift; path = Collection.swift; sourceTree = "<group>"; };
		594E5290212416CA000C4809 /* JPPerformance.entitlements */ = {isa = PBXFileReference; lastKnownFileType = text.plist.entitlements; path = JPPerformance.entitlements; sourceTree = "<group>"; };
		594E5291212416FE000C4809 /* NotificationService.swift */ = {isa = PBXFileReference; lastKnownFileType = sourcecode.swift; path = NotificationService.swift; sourceTree = "<group>"; };
		594F392F23993A2B00D6ED20 /* MainNavigationHeader.xib */ = {isa = PBXFileReference; lastKnownFileType = file.xib; path = MainNavigationHeader.xib; sourceTree = "<group>"; };
		594F393123993AE600D6ED20 /* MainDetailsHeader.xib */ = {isa = PBXFileReference; lastKnownFileType = file.xib; path = MainDetailsHeader.xib; sourceTree = "<group>"; };
		5952A3BD1F730FA300313132 /* SimulatorStatusMagiciOS.framework */ = {isa = PBXFileReference; lastKnownFileType = wrapper.framework; name = SimulatorStatusMagiciOS.framework; path = Carthage/Build/iOS/SimulatorStatusMagiciOS.framework; sourceTree = "<group>"; };
		5952A3C41F765A2700313132 /* ImageSlideshow.framework */ = {isa = PBXFileReference; lastKnownFileType = wrapper.framework; name = ImageSlideshow.framework; path = Carthage/Build/iOS/ImageSlideshow.framework; sourceTree = "<group>"; };
		5952A3C61F765A5D00313132 /* JPCarDetailVC.swift */ = {isa = PBXFileReference; lastKnownFileType = sourcecode.swift; path = JPCarDetailVC.swift; sourceTree = "<group>"; };
		5952A3C81F765E5800313132 /* CarImageInputSource.swift */ = {isa = PBXFileReference; lastKnownFileType = sourcecode.swift; path = CarImageInputSource.swift; sourceTree = "<group>"; };
		5952A3CA1F766A8900313132 /* CarStageTimingCell.swift */ = {isa = PBXFileReference; lastKnownFileType = sourcecode.swift; path = CarStageTimingCell.swift; sourceTree = "<group>"; };
		595D427F20494FEB002E8BE7 /* UIColor+JPColors.swift */ = {isa = PBXFileReference; lastKnownFileType = sourcecode.swift; path = "UIColor+JPColors.swift"; sourceTree = "<group>"; };
		595D428A20497B77002E8BE7 /* BoardVC.swift */ = {isa = PBXFileReference; lastKnownFileType = sourcecode.swift; path = BoardVC.swift; sourceTree = "<group>"; };
		59696224213DC73B00172F5F /* en */ = {isa = PBXFileReference; lastKnownFileType = text.plist.strings; name = en; path = en.lproj/Localizable.strings; sourceTree = "<group>"; };
		59696226213DC74B00172F5F /* de */ = {isa = PBXFileReference; lastKnownFileType = text.plist.strings; name = de; path = de.lproj/Localizable.strings; sourceTree = "<group>"; };
		59696228213DCD2200172F5F /* InfoVC.swift */ = {isa = PBXFileReference; lastKnownFileType = sourcecode.swift; path = InfoVC.swift; sourceTree = "<group>"; };
		5969622A213DCE4500172F5F /* String.swift */ = {isa = PBXFileReference; lastKnownFileType = sourcecode.swift; path = String.swift; sourceTree = "<group>"; };
		5969622E213E682300172F5F /* DonationVC.swift */ = {isa = PBXFileReference; lastKnownFileType = sourcecode.swift; path = DonationVC.swift; sourceTree = "<group>"; };
		59696230213E682F00172F5F /* NotificationSettingsVC.swift */ = {isa = PBXFileReference; lastKnownFileType = sourcecode.swift; path = NotificationSettingsVC.swift; sourceTree = "<group>"; };
		5973F30C1F6DC88400A0FFE9 /* Formatter.swift */ = {isa = PBXFileReference; lastKnownFileType = sourcecode.swift; path = Formatter.swift; sourceTree = "<group>"; };
		5973F3131F6DC89C00A0FFE9 /* Integer.swift */ = {isa = PBXFileReference; lastKnownFileType = sourcecode.swift; path = Integer.swift; sourceTree = "<group>"; };
		5981E9842398E2E400CD57FF /* Cache+Manufacturers.swift */ = {isa = PBXFileReference; lastKnownFileType = sourcecode.swift; path = "Cache+Manufacturers.swift"; sourceTree = "<group>"; };
		5981E9862398E37800CD57FF /* Cache+CarModels.swift */ = {isa = PBXFileReference; lastKnownFileType = sourcecode.swift; path = "Cache+CarModels.swift"; sourceTree = "<group>"; };
		5981E9882398E45F00CD57FF /* Cache+CarImages.swift */ = {isa = PBXFileReference; lastKnownFileType = sourcecode.swift; path = "Cache+CarImages.swift"; sourceTree = "<group>"; };
		5981E98A2398E4C700CD57FF /* Cache+CarStages.swift */ = {isa = PBXFileReference; lastKnownFileType = sourcecode.swift; path = "Cache+CarStages.swift"; sourceTree = "<group>"; };
		5981E98C2398E50600CD57FF /* Cache+StageTiming.swift */ = {isa = PBXFileReference; lastKnownFileType = sourcecode.swift; path = "Cache+StageTiming.swift"; sourceTree = "<group>"; };
		5981E98E2398E54300CD57FF /* Cache+YoutubeVideo.swift */ = {isa = PBXFileReference; lastKnownFileType = sourcecode.swift; path = "Cache+YoutubeVideo.swift"; sourceTree = "<group>"; };
		5981E9902398E58200CD57FF /* Cache+CarStageYoutubeVideoRelations.swift */ = {isa = PBXFileReference; lastKnownFileType = sourcecode.swift; path = "Cache+CarStageYoutubeVideoRelations.swift"; sourceTree = "<group>"; };
		5981E9922398E5CE00CD57FF /* Cache+VideoSerie.swift */ = {isa = PBXFileReference; lastKnownFileType = sourcecode.swift; path = "Cache+VideoSerie.swift"; sourceTree = "<group>"; };
		5981E9942398E5FC00CD57FF /* Cache+VideoSerieYoutubeVideo.swift */ = {isa = PBXFileReference; lastKnownFileType = sourcecode.swift; path = "Cache+VideoSerieYoutubeVideo.swift"; sourceTree = "<group>"; };
		5981E9972398F01C00CD57FF /* ManufacturerLogos.xcassets */ = {isa = PBXFileReference; lastKnownFileType = folder.assetcatalog; path = ManufacturerLogos.xcassets; sourceTree = "<group>"; };
		5981E9992398FBFF00CD57FF /* MainVC.swift */ = {isa = PBXFileReference; lastKnownFileType = sourcecode.swift; path = MainVC.swift; sourceTree = "<group>"; };
		5981E99B2398FEF600CD57FF /* Colors.xcassets */ = {isa = PBXFileReference; lastKnownFileType = folder.assetcatalog; path = Colors.xcassets; sourceTree = "<group>"; };
		59830F1120E8BB370069AC6A /* Alamofire.framework */ = {isa = PBXFileReference; lastKnownFileType = wrapper.framework; name = Alamofire.framework; path = Carthage/Build/iOS/Alamofire.framework; sourceTree = "<group>"; };
		59830F1320E8C05C0069AC6A /* AlamofireSwiftyJSON.framework */ = {isa = PBXFileReference; lastKnownFileType = wrapper.framework; name = AlamofireSwiftyJSON.framework; path = Carthage/Build/iOS/AlamofireSwiftyJSON.framework; sourceTree = "<group>"; };
		59830F1520E8C34F0069AC6A /* SwiftyJSON.framework */ = {isa = PBXFileReference; lastKnownFileType = wrapper.framework; name = SwiftyJSON.framework; path = Carthage/Build/iOS/SwiftyJSON.framework; sourceTree = "<group>"; };
		598F76662049EF9600726380 /* JPBaseViewController.swift */ = {isa = PBXFileReference; lastKnownFileType = sourcecode.swift; path = JPBaseViewController.swift; sourceTree = "<group>"; };
		598F76702049F31300726380 /* AdMob.swift */ = {isa = PBXFileReference; lastKnownFileType = sourcecode.swift; path = AdMob.swift; sourceTree = "<group>"; };
		59903547205D5C5900D204F1 /* GallerySegue.swift */ = {isa = PBXFileReference; lastKnownFileType = sourcecode.swift; path = GallerySegue.swift; sourceTree = "<group>"; };
		59903550205D5F8E00D204F1 /* GalleryVC.swift */ = {isa = PBXFileReference; lastKnownFileType = sourcecode.swift; path = GalleryVC.swift; sourceTree = "<group>"; };
		5990F3B0214114C4000F18DB /* SVProgressHUD.framework */ = {isa = PBXFileReference; lastKnownFileType = wrapper.framework; name = SVProgressHUD.framework; path = Carthage/Build/iOS/SVProgressHUD.framework; sourceTree = "<group>"; };
		599145E52398097C005FDB11 /* UIApplication.swift */ = {isa = PBXFileReference; lastKnownFileType = sourcecode.swift; path = UIApplication.swift; sourceTree = "<group>"; };
		59939EF0204ACBA60038427F /* CarBoardTableViewCell.swift */ = {isa = PBXFileReference; fileEncoding = 4; lastKnownFileType = sourcecode.swift; path = CarBoardTableViewCell.swift; sourceTree = "<group>"; };
		59939EF2204B4CAE0038427F /* Feedback.swift */ = {isa = PBXFileReference; fileEncoding = 4; lastKnownFileType = sourcecode.swift; path = Feedback.swift; sourceTree = "<group>"; };
		59939EF4204B4DAC0038427F /* Review.swift */ = {isa = PBXFileReference; fileEncoding = 4; lastKnownFileType = sourcecode.swift; path = Review.swift; sourceTree = "<group>"; };
		59939EF6204B4DD30038427F /* Preferences.swift */ = {isa = PBXFileReference; fileEncoding = 4; lastKnownFileType = sourcecode.swift; path = Preferences.swift; sourceTree = "<group>"; };
		59939EFB204B4EE70038427F /* FeaturesService.swift */ = {isa = PBXFileReference; fileEncoding = 4; lastKnownFileType = sourcecode.swift; path = FeaturesService.swift; sourceTree = "<group>"; };
		59A18AA71F6D0BBC008789BA /* JPPerformance.app */ = {isa = PBXFileReference; explicitFileType = wrapper.application; includeInIndex = 0; path = JPPerformance.app; sourceTree = BUILT_PRODUCTS_DIR; };
		59A18AAA1F6D0BBC008789BA /* AppDelegate.swift */ = {isa = PBXFileReference; lastKnownFileType = sourcecode.swift; path = AppDelegate.swift; sourceTree = "<group>"; };
		59A18AAC1F6D0BBC008789BA /* JPInitialViewController.swift */ = {isa = PBXFileReference; lastKnownFileType = sourcecode.swift; path = JPInitialViewController.swift; sourceTree = "<group>"; };
		59A18AAF1F6D0BBC008789BA /* Base */ = {isa = PBXFileReference; lastKnownFileType = file.storyboard; name = Base; path = "Base.lproj/Main-Old.storyboard"; sourceTree = "<group>"; };
		59A18AB11F6D0BBC008789BA /* Assets-Old.xcassets */ = {isa = PBXFileReference; lastKnownFileType = folder.assetcatalog; path = "Assets-Old.xcassets"; sourceTree = "<group>"; };
		59A18AB41F6D0BBC008789BA /* Base */ = {isa = PBXFileReference; lastKnownFileType = file.storyboard; name = Base; path = "Base.lproj/LaunchScreen-Old.storyboard"; sourceTree = "<group>"; };
		59A18AB61F6D0BBC008789BA /* Info.plist */ = {isa = PBXFileReference; lastKnownFileType = text.plist.xml; path = Info.plist; sourceTree = "<group>"; };
		59A18ABC1F6D16A6008789BA /* JPTabBarViewController.swift */ = {isa = PBXFileReference; lastKnownFileType = sourcecode.swift; path = JPTabBarViewController.swift; sourceTree = "<group>"; };
		59A18ABE1F6D16D0008789BA /* JPYoutubeVC.swift */ = {isa = PBXFileReference; lastKnownFileType = sourcecode.swift; path = JPYoutubeVC.swift; sourceTree = "<group>"; };
		59B55AD31F6EEAF700A5D95E /* ImageCache.swift */ = {isa = PBXFileReference; lastKnownFileType = sourcecode.swift; path = ImageCache.swift; sourceTree = "<group>"; };
		59B55ADA1F6EF9F400A5D95E /* SwiftDate.framework */ = {isa = PBXFileReference; lastKnownFileType = wrapper.framework; name = SwiftDate.framework; path = Carthage/Build/iOS/SwiftDate.framework; sourceTree = "<group>"; };
		59C4C1041F6D330200B5B7E1 /* YoutubeService.swift */ = {isa = PBXFileReference; lastKnownFileType = sourcecode.swift; path = YoutubeService.swift; sourceTree = "<group>"; };
		59C4C10D1F6D418900B5B7E1 /* YoutubeVideoCell.swift */ = {isa = PBXFileReference; lastKnownFileType = sourcecode.swift; path = YoutubeVideoCell.swift; sourceTree = "<group>"; };
		59C590042397F16A00EE14AB /* Assets.xcassets */ = {isa = PBXFileReference; lastKnownFileType = folder.assetcatalog; path = Assets.xcassets; sourceTree = "<group>"; };
		59C590072397F2C400EE14AB /* LaunchScreen.storyboard */ = {isa = PBXFileReference; lastKnownFileType = file.storyboard; path = LaunchScreen.storyboard; sourceTree = "<group>"; };
		59C590092397F2CE00EE14AB /* Main.storyboard */ = {isa = PBXFileReference; lastKnownFileType = file.storyboard; path = Main.storyboard; sourceTree = "<group>"; };
		59C59012239803A200EE14AB /* Cache.framework */ = {isa = PBXFileReference; lastKnownFileType = wrapper.framework; name = Cache.framework; path = Carthage/Build/iOS/Cache.framework; sourceTree = "<group>"; };
		59C59014239803D400EE14AB /* HTTP.swift */ = {isa = PBXFileReference; lastKnownFileType = sourcecode.swift; path = HTTP.swift; sourceTree = "<group>"; };
		59C590162398043700EE14AB /* Cache.swift */ = {isa = PBXFileReference; lastKnownFileType = sourcecode.swift; path = Cache.swift; sourceTree = "<group>"; };
		59CE2EF520667307008B5492 /* HockeySDK.framework */ = {isa = PBXFileReference; lastKnownFileType = wrapper.framework; name = HockeySDK.framework; path = Carthage/Build/iOS/HockeySDK.framework; sourceTree = "<group>"; };
		59D18000212A003C00ABCD6F /* RealmSwift.framework */ = {isa = PBXFileReference; lastKnownFileType = wrapper.framework; name = RealmSwift.framework; path = Carthage/Build/iOS/RealmSwift.framework; sourceTree = "<group>"; };
		59D18001212A003C00ABCD6F /* Realm.framework */ = {isa = PBXFileReference; lastKnownFileType = wrapper.framework; name = Realm.framework; path = Carthage/Build/iOS/Realm.framework; sourceTree = "<group>"; };
		59D18006212A02FB00ABCD6F /* HTTPService.swift */ = {isa = PBXFileReference; lastKnownFileType = sourcecode.swift; path = HTTPService.swift; sourceTree = "<group>"; };
		59D1800B212A045D00ABCD6F /* SyncService.swift */ = {isa = PBXFileReference; lastKnownFileType = sourcecode.swift; path = SyncService.swift; sourceTree = "<group>"; };
		59D1800D212A04D600ABCD6F /* StorageService.swift */ = {isa = PBXFileReference; lastKnownFileType = sourcecode.swift; path = StorageService.swift; sourceTree = "<group>"; };
		59DA5FD02290264C0077FD39 /* Keys.plist */ = {isa = PBXFileReference; lastKnownFileType = text.plist.xml; path = Keys.plist; sourceTree = "<group>"; };
		59DA5FD2229026730077FD39 /* Keys.swift */ = {isa = PBXFileReference; lastKnownFileType = sourcecode.swift; path = Keys.swift; sourceTree = "<group>"; };
		59DA64D8229092CB0077FD39 /* Info-Old.storyboard */ = {isa = PBXFileReference; lastKnownFileType = file.storyboard; path = "Info-Old.storyboard"; sourceTree = "<group>"; };
		59DA64DB229096210077FD39 /* LaSiSeVC.swift */ = {isa = PBXFileReference; lastKnownFileType = sourcecode.swift; path = LaSiSeVC.swift; sourceTree = "<group>"; };
		59DA64DD229099EA0077FD39 /* CarStageLaSiSeTableViewCell.swift */ = {isa = PBXFileReference; lastKnownFileType = sourcecode.swift; path = CarStageLaSiSeTableViewCell.swift; sourceTree = "<group>"; };
		59DE605D23993F0A0004FCE6 /* MainVC+ViewModel.swift */ = {isa = PBXFileReference; lastKnownFileType = sourcecode.swift; path = "MainVC+ViewModel.swift"; sourceTree = "<group>"; };
		59DE605F23994B830004FCE6 /* ManufacturersTableViewCell.swift */ = {isa = PBXFileReference; lastKnownFileType = sourcecode.swift; path = ManufacturersTableViewCell.swift; sourceTree = "<group>"; };
		59DE606123994DF00004FCE6 /* ManufacturerCollectionViewCell.swift */ = {isa = PBXFileReference; lastKnownFileType = sourcecode.swift; path = ManufacturerCollectionViewCell.swift; sourceTree = "<group>"; };
		59DE606323994FC40004FCE6 /* ManufacturerLogoMapper.swift */ = {isa = PBXFileReference; lastKnownFileType = sourcecode.swift; path = ManufacturerLogoMapper.swift; sourceTree = "<group>"; };
		59DE60652399558F0004FCE6 /* CarModelsTableViewCell.swift */ = {isa = PBXFileReference; lastKnownFileType = sourcecode.swift; path = CarModelsTableViewCell.swift; sourceTree = "<group>"; };
		59DE6067239956230004FCE6 /* CarModelCollectionViewCell.swift */ = {isa = PBXFileReference; lastKnownFileType = sourcecode.swift; path = CarModelCollectionViewCell.swift; sourceTree = "<group>"; };
		59DE6110239A2CF40004FCE6 /* MainNavigationHeader.swift */ = {isa = PBXFileReference; lastKnownFileType = sourcecode.swift; path = MainNavigationHeader.swift; sourceTree = "<group>"; };
		59DE6115239A2D8C0004FCE6 /* MainDetailsHeader.swift */ = {isa = PBXFileReference; lastKnownFileType = sourcecode.swift; path = MainDetailsHeader.swift; sourceTree = "<group>"; };
		59DE6117239A326A0004FCE6 /* AdMobTableViewCell.swift */ = {isa = PBXFileReference; lastKnownFileType = sourcecode.swift; path = AdMobTableViewCell.swift; sourceTree = "<group>"; };
		59DE6119239A35720004FCE6 /* ShowDetailsTableViewCell.swift */ = {isa = PBXFileReference; lastKnownFileType = sourcecode.swift; path = ShowDetailsTableViewCell.swift; sourceTree = "<group>"; };
		59DE611B239A3BD40004FCE6 /* YoutubeVideosTableViewCell.swift */ = {isa = PBXFileReference; lastKnownFileType = sourcecode.swift; path = YoutubeVideosTableViewCell.swift; sourceTree = "<group>"; };
		59DE611D239A3C190004FCE6 /* VideoSeriesTableViewCell.swift */ = {isa = PBXFileReference; lastKnownFileType = sourcecode.swift; path = VideoSeriesTableViewCell.swift; sourceTree = "<group>"; };
		59DE611F239A3C910004FCE6 /* YoutubeVideoCollectionViewCell.swift */ = {isa = PBXFileReference; lastKnownFileType = sourcecode.swift; path = YoutubeVideoCollectionViewCell.swift; sourceTree = "<group>"; };
		59DE6121239A3CF80004FCE6 /* VideoSerieCollectionViewCell.swift */ = {isa = PBXFileReference; lastKnownFileType = sourcecode.swift; path = VideoSerieCollectionViewCell.swift; sourceTree = "<group>"; };
		59DE6123239A48670004FCE6 /* Cache+PublicImage.swift */ = {isa = PBXFileReference; lastKnownFileType = sourcecode.swift; path = "Cache+PublicImage.swift"; sourceTree = "<group>"; };
		59E4480C20E17DA9003EE672 /* CompareVC.swift */ = {isa = PBXFileReference; lastKnownFileType = sourcecode.swift; path = CompareVC.swift; sourceTree = "<group>"; };
		59ED63761F6D6AAA008A3A0F /* YouTubePlayer.framework */ = {isa = PBXFileReference; lastKnownFileType = wrapper.framework; name = YouTubePlayer.framework; path = Carthage/Build/iOS/YouTubePlayer.framework; sourceTree = "<group>"; };
		59ED637E1F6D73F4008A3A0F /* JPNavigationViewController.swift */ = {isa = PBXFileReference; lastKnownFileType = sourcecode.swift; path = JPNavigationViewController.swift; sourceTree = "<group>"; };
		59ED63811F6D9A31008A3A0F /* UIViewController.swift */ = {isa = PBXFileReference; lastKnownFileType = sourcecode.swift; path = UIViewController.swift; sourceTree = "<group>"; };
		59ED63861F6DBE4C008A3A0F /* TagLabel.swift */ = {isa = PBXFileReference; lastKnownFileType = sourcecode.swift; path = TagLabel.swift; sourceTree = "<group>"; };
		59F812962049EAF10017C9F6 /* JPPerformance-Bridging-Header.h */ = {isa = PBXFileReference; lastKnownFileType = sourcecode.c.h; path = "JPPerformance-Bridging-Header.h"; sourceTree = "<group>"; };
		59F9B460239A550D008AAF49 /* PerformanceBoard.storyboard */ = {isa = PBXFileReference; lastKnownFileType = file.storyboard; path = PerformanceBoard.storyboard; sourceTree = "<group>"; };
		59F9B462239A5600008AAF49 /* PerformanceBoardVC.swift */ = {isa = PBXFileReference; lastKnownFileType = sourcecode.swift; path = PerformanceBoardVC.swift; sourceTree = "<group>"; };
		59F9B468239A5762008AAF49 /* ManufacturersList.storyboard */ = {isa = PBXFileReference; lastKnownFileType = file.storyboard; path = ManufacturersList.storyboard; sourceTree = "<group>"; };
		59F9B46A239A5774008AAF49 /* CarModelsSearch.storyboard */ = {isa = PBXFileReference; lastKnownFileType = file.storyboard; path = CarModelsSearch.storyboard; sourceTree = "<group>"; };
		59F9B46C239A5780008AAF49 /* YoutubeVideosList.storyboard */ = {isa = PBXFileReference; lastKnownFileType = file.storyboard; path = YoutubeVideosList.storyboard; sourceTree = "<group>"; };
		59F9B46E239A5791008AAF49 /* VideoSeriesList.storyboard */ = {isa = PBXFileReference; lastKnownFileType = file.storyboard; path = VideoSeriesList.storyboard; sourceTree = "<group>"; };
		59F9B471239A5DDC008AAF49 /* CarModelDetail.storyboard */ = {isa = PBXFileReference; lastKnownFileType = file.storyboard; path = CarModelDetail.storyboard; sourceTree = "<group>"; };
		59F9B473239A5EFE008AAF49 /* ManufacturersListVC.swift */ = {isa = PBXFileReference; lastKnownFileType = sourcecode.swift; path = ManufacturersListVC.swift; sourceTree = "<group>"; };
		59F9B475239A5F0D008AAF49 /* CarModelsSearchVC.swift */ = {isa = PBXFileReference; lastKnownFileType = sourcecode.swift; path = CarModelsSearchVC.swift; sourceTree = "<group>"; };
		59F9B477239A5F1F008AAF49 /* YoutubeVideosListVC.swift */ = {isa = PBXFileReference; lastKnownFileType = sourcecode.swift; path = YoutubeVideosListVC.swift; sourceTree = "<group>"; };
		59F9B479239A5F33008AAF49 /* VideoSeriesListVC.swift */ = {isa = PBXFileReference; lastKnownFileType = sourcecode.swift; path = VideoSeriesListVC.swift; sourceTree = "<group>"; };
		59F9B47B239A6B54008AAF49 /* UIColor.swift */ = {isa = PBXFileReference; lastKnownFileType = sourcecode.swift; path = UIColor.swift; sourceTree = "<group>"; };
		59F9B47D239A7F86008AAF49 /* CarModelDetailVC.swift */ = {isa = PBXFileReference; lastKnownFileType = sourcecode.swift; path = CarModelDetailVC.swift; sourceTree = "<group>"; };
		59F9B480239A84FE008AAF49 /* CarModelDetailStageHeader.swift */ = {isa = PBXFileReference; lastKnownFileType = sourcecode.swift; path = CarModelDetailStageHeader.swift; sourceTree = "<group>"; };
		59F9B482239A8506008AAF49 /* CarModelDetailStageHeader.xib */ = {isa = PBXFileReference; lastKnownFileType = file.xib; path = CarModelDetailStageHeader.xib; sourceTree = "<group>"; };
		59F9B485239A8698008AAF49 /* CarModelTimingTableViewCell.swift */ = {isa = PBXFileReference; lastKnownFileType = sourcecode.swift; path = CarModelTimingTableViewCell.swift; sourceTree = "<group>"; };
		59F9B487239A94C6008AAF49 /* JPNavigationController.swift */ = {isa = PBXFileReference; lastKnownFileType = sourcecode.swift; path = JPNavigationController.swift; sourceTree = "<group>"; };
		5E5998CEA28124D5F48EA849 /* Pods-JPPerformance.debug.xcconfig */ = {isa = PBXFileReference; includeInIndex = 1; lastKnownFileType = text.xcconfig; name = "Pods-JPPerformance.debug.xcconfig"; path = "Pods/Target Support Files/Pods-JPPerformance/Pods-JPPerformance.debug.xcconfig"; sourceTree = "<group>"; };
		5EC8EB3C0BFD227B4EDE099B /* Pods-JPPerformance.release.xcconfig */ = {isa = PBXFileReference; includeInIndex = 1; lastKnownFileType = text.xcconfig; name = "Pods-JPPerformance.release.xcconfig"; path = "Pods/Target Support Files/Pods-JPPerformance/Pods-JPPerformance.release.xcconfig"; sourceTree = "<group>"; };
		5F6B346664D197FC63B426D9 /* Pods_JPPerformance.framework */ = {isa = PBXFileReference; explicitFileType = wrapper.framework; includeInIndex = 0; path = Pods_JPPerformance.framework; sourceTree = BUILT_PRODUCTS_DIR; };
		71B6FC84D17CED0DE96D2A03 /* Pods-JPPerformanceUITests.release.xcconfig */ = {isa = PBXFileReference; includeInIndex = 1; lastKnownFileType = text.xcconfig; name = "Pods-JPPerformanceUITests.release.xcconfig"; path = "Pods/Target Support Files/Pods-JPPerformanceUITests/Pods-JPPerformanceUITests.release.xcconfig"; sourceTree = "<group>"; };
		8BDFE7AE0C97D77AB4A043B1 /* Pods-JPPerformanceUITests.debug.xcconfig */ = {isa = PBXFileReference; includeInIndex = 1; lastKnownFileType = text.xcconfig; name = "Pods-JPPerformanceUITests.debug.xcconfig"; path = "Pods/Target Support Files/Pods-JPPerformanceUITests/Pods-JPPerformanceUITests.debug.xcconfig"; sourceTree = "<group>"; };
		8C55AAB930200A401A9752A6 /* Pods_JPPerformanceUITests.framework */ = {isa = PBXFileReference; explicitFileType = wrapper.framework; includeInIndex = 0; path = Pods_JPPerformanceUITests.framework; sourceTree = BUILT_PRODUCTS_DIR; };
/* End PBXFileReference section */

/* Begin PBXFrameworksBuildPhase section */
		59024D591F705D4B0022A61D /* Frameworks */ = {
			isa = PBXFrameworksBuildPhase;
			buildActionMask = 2147483647;
			files = (
				380270DC75669C903C956ACF /* Pods_JPPerformanceUITests.framework in Frameworks */,
				592BB05921850D9400AD400C /* SimulatorStatusMagiciOS.framework in Frameworks */,
			);
			runOnlyForDeploymentPostprocessing = 0;
		};
		59A18AA41F6D0BBC008789BA /* Frameworks */ = {
			isa = PBXFrameworksBuildPhase;
			buildActionMask = 2147483647;
			files = (
				59ED637C1F6D6AAB008A3A0F /* YouTubePlayer.framework in Frameworks */,
				59B55ADB1F6EF9F400A5D95E /* SwiftDate.framework in Frameworks */,
				5952A3C51F765A2700313132 /* ImageSlideshow.framework in Frameworks */,
				BA7FBE31DBB6512B6BDED616 /* Pods_JPPerformance.framework in Frameworks */,
				5942B34D213E75DD00F463F9 /* SwiftyStoreKit.framework in Frameworks */,
				59C59013239803A200EE14AB /* Cache.framework in Frameworks */,
				59C590102398016500EE14AB /* JPFanAppClient in Frameworks */,
			);
			runOnlyForDeploymentPostprocessing = 0;
		};
/* End PBXFrameworksBuildPhase section */

/* Begin PBXGroup section */
		3C6E18E4405BC6A32F0C83AD /* Pods */ = {
			isa = PBXGroup;
			children = (
				5E5998CEA28124D5F48EA849 /* Pods-JPPerformance.debug.xcconfig */,
				5EC8EB3C0BFD227B4EDE099B /* Pods-JPPerformance.release.xcconfig */,
				8BDFE7AE0C97D77AB4A043B1 /* Pods-JPPerformanceUITests.debug.xcconfig */,
				71B6FC84D17CED0DE96D2A03 /* Pods-JPPerformanceUITests.release.xcconfig */,
			);
			name = Pods;
			sourceTree = "<group>";
		};
		59024D5D1F705D4B0022A61D /* JPPerformanceUITests */ = {
			isa = PBXGroup;
			children = (
				59024D5E1F705D4B0022A61D /* JPPerformanceUITests.swift */,
				59024D601F705D4B0022A61D /* Info.plist */,
				59024D6B1F705F7C0022A61D /* SnapshotHelper.swift */,
			);
			path = JPPerformanceUITests;
			sourceTree = "<group>";
		};
		592BB0492183161500AD400C /* Series */ = {
			isa = PBXGroup;
			children = (
				592BB04A2183163700AD400C /* SeriesVC.swift */,
				592BB052218342A900AD400C /* VideoSerieDetailVC.swift */,
			);
			path = Series;
			sourceTree = "<group>";
		};
		594E503B20E3631600CCC158 /* CarSelection */ = {
			isa = PBXGroup;
			children = (
				594E504120E3632400CCC158 /* CarSelectionVC.swift */,
			);
			path = CarSelection;
			sourceTree = "<group>";
		};
		594F392D23993A1700D6ED20 /* Feature */ = {
			isa = PBXGroup;
			children = (
				594F392E23993A1C00D6ED20 /* Main */,
				59F9B45F239A54FA008AAF49 /* PerformanceBoard */,
				59F9B464239A571C008AAF49 /* ManufacturersList */,
				59F9B465239A5732008AAF49 /* CarModelsSearch */,
				59F9B470239A5DD0008AAF49 /* CarModelDetail */,
				59F9B466239A573E008AAF49 /* YoutubeVideosList */,
				59F9B467239A5746008AAF49 /* VideoSeriesList */,
				59F9B487239A94C6008AAF49 /* JPNavigationController.swift */,
			);
			path = Feature;
			sourceTree = "<group>";
		};
		594F392E23993A1C00D6ED20 /* Main */ = {
			isa = PBXGroup;
			children = (
				59C590092397F2CE00EE14AB /* Main.storyboard */,
				5981E9992398FBFF00CD57FF /* MainVC.swift */,
				59DE605D23993F0A0004FCE6 /* MainVC+ViewModel.swift */,
				59DE6112239A2D4F0004FCE6 /* TableView Header Views */,
				59DE6113239A2D6A0004FCE6 /* TableView Cells */,
				59DE6114239A2D720004FCE6 /* CollectionView Cells */,
			);
			path = Main;
			sourceTree = "<group>";
		};
		595D428620497B52002E8BE7 /* Base */ = {
			isa = PBXGroup;
			children = (
				59A18AAC1F6D0BBC008789BA /* JPInitialViewController.swift */,
				59A18ABC1F6D16A6008789BA /* JPTabBarViewController.swift */,
				59ED637E1F6D73F4008A3A0F /* JPNavigationViewController.swift */,
				598F76662049EF9600726380 /* JPBaseViewController.swift */,
			);
			path = Base;
			sourceTree = "<group>";
		};
		595D428720497B5A002E8BE7 /* Youtube */ = {
			isa = PBXGroup;
			children = (
				59A18ABE1F6D16D0008789BA /* JPYoutubeVC.swift */,
				5911813E1F6D5DF700A4B2EA /* JPVideoDetailVC.swift */,
				592A74A620508CEC000EC2D5 /* YoutubeFallbackVC.swift */,
			);
			path = Youtube;
			sourceTree = "<group>";
		};
		595D428820497B60002E8BE7 /* Cars */ = {
			isa = PBXGroup;
			children = (
				59356FEE1F6EAD9900EFF311 /* JPCarsVC.swift */,
				5952A3C61F765A5D00313132 /* JPCarDetailVC.swift */,
			);
			path = Cars;
			sourceTree = "<group>";
		};
		595D428920497B68002E8BE7 /* Board */ = {
			isa = PBXGroup;
			children = (
				595D428A20497B77002E8BE7 /* BoardVC.swift */,
			);
			path = Board;
			sourceTree = "<group>";
		};
		59696227213DCD0A00172F5F /* Info */ = {
			isa = PBXGroup;
			children = (
				59696228213DCD2200172F5F /* InfoVC.swift */,
			);
			path = Info;
			sourceTree = "<group>";
		};
		5969622C213E680100172F5F /* Donation */ = {
			isa = PBXGroup;
			children = (
				5969622E213E682300172F5F /* DonationVC.swift */,
			);
			path = Donation;
			sourceTree = "<group>";
		};
		5969622D213E680A00172F5F /* Notification Settings */ = {
			isa = PBXGroup;
			children = (
				59696230213E682F00172F5F /* NotificationSettingsVC.swift */,
			);
			path = "Notification Settings";
			sourceTree = "<group>";
		};
		5981E9832398E2D200CD57FF /* Cache */ = {
			isa = PBXGroup;
			children = (
				59C590162398043700EE14AB /* Cache.swift */,
				5981E9842398E2E400CD57FF /* Cache+Manufacturers.swift */,
				5981E9862398E37800CD57FF /* Cache+CarModels.swift */,
				5981E9882398E45F00CD57FF /* Cache+CarImages.swift */,
				5981E98A2398E4C700CD57FF /* Cache+CarStages.swift */,
				5981E98C2398E50600CD57FF /* Cache+StageTiming.swift */,
				5981E98E2398E54300CD57FF /* Cache+YoutubeVideo.swift */,
				5981E9902398E58200CD57FF /* Cache+CarStageYoutubeVideoRelations.swift */,
				5981E9922398E5CE00CD57FF /* Cache+VideoSerie.swift */,
				5981E9942398E5FC00CD57FF /* Cache+VideoSerieYoutubeVideo.swift */,
				59DE6123239A48670004FCE6 /* Cache+PublicImage.swift */,
			);
			path = Cache;
			sourceTree = "<group>";
		};
		5990354E205D5C5F00D204F1 /* Segues */ = {
			isa = PBXGroup;
			children = (
				59903547205D5C5900D204F1 /* GallerySegue.swift */,
			);
			path = Segues;
			sourceTree = "<group>";
		};
		5990354F205D5F7C00D204F1 /* Gallery */ = {
			isa = PBXGroup;
			children = (
				59903550205D5F8E00D204F1 /* GalleryVC.swift */,
			);
			path = Gallery;
			sourceTree = "<group>";
		};
		599145E323980844005FDB11 /* Generic Features */ = {
			isa = PBXGroup;
			children = (
				59C59014239803D400EE14AB /* HTTP.swift */,
				59939EF2204B4CAE0038427F /* Feedback.swift */,
				59939EF4204B4DAC0038427F /* Review.swift */,
				59939EF6204B4DD30038427F /* Preferences.swift */,
				598F76702049F31300726380 /* AdMob.swift */,
				5942B34A213E72BF00F463F9 /* PurchaseService.swift */,
				59DE606323994FC40004FCE6 /* ManufacturerLogoMapper.swift */,
			);
			path = "Generic Features";
			sourceTree = "<group>";
		};
		59A18A9E1F6D0BBC008789BA = {
			isa = PBXGroup;
			children = (
				59A18AA91F6D0BBC008789BA /* JPPerformance */,
				59024D5D1F705D4B0022A61D /* JPPerformanceUITests */,
				59A18AA81F6D0BBC008789BA /* Products */,
				59C4C1061F6D334200B5B7E1 /* Frameworks */,
				3C6E18E4405BC6A32F0C83AD /* Pods */,
			);
			sourceTree = "<group>";
		};
		59A18AA81F6D0BBC008789BA /* Products */ = {
			isa = PBXGroup;
			children = (
				59A18AA71F6D0BBC008789BA /* JPPerformance.app */,
				59024D5C1F705D4B0022A61D /* JPPerformanceUITests.xctest */,
			);
			name = Products;
			sourceTree = "<group>";
		};
		59A18AA91F6D0BBC008789BA /* JPPerformance */ = {
			isa = PBXGroup;
			children = (
				59A18AAA1F6D0BBC008789BA /* AppDelegate.swift */,
				5981E9832398E2D200CD57FF /* Cache */,
				599145E323980844005FDB11 /* Generic Features */,
				59ED63801F6D9A1A008A3A0F /* Extenstions */,
				594F392D23993A1700D6ED20 /* Feature */,
				59C590072397F2C400EE14AB /* LaunchScreen.storyboard */,
				59696225213DC73B00172F5F /* Localizable.strings */,
				59C590042397F16A00EE14AB /* Assets.xcassets */,
				5981E9972398F01C00CD57FF /* ManufacturerLogos.xcassets */,
				5981E99B2398FEF600CD57FF /* Colors.xcassets */,
				590B3449228E98E400D9FCB5 /* GoogleService-Info.plist */,
				59A18AB61F6D0BBC008789BA /* Info.plist */,
				59DA5FD02290264C0077FD39 /* Keys.plist */,
				59DA5FD2229026730077FD39 /* Keys.swift */,
				59F812962049EAF10017C9F6 /* JPPerformance-Bridging-Header.h */,
				594E5290212416CA000C4809 /* JPPerformance.entitlements */,
				59C590062397F17E00EE14AB /* Old */,
			);
			path = JPPerformance;
			sourceTree = "<group>";
		};
		59C4C1061F6D334200B5B7E1 /* Frameworks */ = {
			isa = PBXGroup;
			children = (
				59C59012239803A200EE14AB /* Cache.framework */,
				5990F3B0214114C4000F18DB /* SVProgressHUD.framework */,
				5942B34C213E75DD00F463F9 /* SwiftyStoreKit.framework */,
				59D18001212A003C00ABCD6F /* Realm.framework */,
				59D18000212A003C00ABCD6F /* RealmSwift.framework */,
				59830F1520E8C34F0069AC6A /* SwiftyJSON.framework */,
				59830F1320E8C05C0069AC6A /* AlamofireSwiftyJSON.framework */,
				59830F1120E8BB370069AC6A /* Alamofire.framework */,
				59CE2EF520667307008B5492 /* HockeySDK.framework */,
				5952A3C41F765A2700313132 /* ImageSlideshow.framework */,
				5952A3BD1F730FA300313132 /* SimulatorStatusMagiciOS.framework */,
				59B55ADA1F6EF9F400A5D95E /* SwiftDate.framework */,
				59ED63761F6D6AAA008A3A0F /* YouTubePlayer.framework */,
				5F6B346664D197FC63B426D9 /* Pods_JPPerformance.framework */,
				8C55AAB930200A401A9752A6 /* Pods_JPPerformanceUITests.framework */,
			);
			name = Frameworks;
			sourceTree = "<group>";
		};
		59C4C10A1F6D37C500B5B7E1 /* ViewControllers */ = {
			isa = PBXGroup;
			children = (
				595D428620497B52002E8BE7 /* Base */,
				595D428720497B5A002E8BE7 /* Youtube */,
				592BB0492183161500AD400C /* Series */,
				595D428820497B60002E8BE7 /* Cars */,
				594E503B20E3631600CCC158 /* CarSelection */,
				59E4480620E17D7C003EE672 /* Compare */,
				595D428920497B68002E8BE7 /* Board */,
				59696227213DCD0A00172F5F /* Info */,
				5969622C213E680100172F5F /* Donation */,
				5969622D213E680A00172F5F /* Notification Settings */,
				5990354F205D5F7C00D204F1 /* Gallery */,
				59DA64DA229096080077FD39 /* LaSiSe */,
			);
			path = ViewControllers;
			sourceTree = "<group>";
		};
		59C4C10B1F6D37F400B5B7E1 /* Services */ = {
			isa = PBXGroup;
			children = (
				59C4C1041F6D330200B5B7E1 /* YoutubeService.swift */,
				59356FE51F6EAC2A00EFF311 /* CarService.swift */,
				59B55AD31F6EEAF700A5D95E /* ImageCache.swift */,
				5952A3C81F765E5800313132 /* CarImageInputSource.swift */,
				59939EFB204B4EE70038427F /* FeaturesService.swift */,
				594E5291212416FE000C4809 /* NotificationService.swift */,
				59D18006212A02FB00ABCD6F /* HTTPService.swift */,
				59D1800B212A045D00ABCD6F /* SyncService.swift */,
				59D1800D212A04D600ABCD6F /* StorageService.swift */,
			);
			path = Services;
			sourceTree = "<group>";
		};
		59C4C10C1F6D413500B5B7E1 /* Cells */ = {
			isa = PBXGroup;
			children = (
				59C4C10D1F6D418900B5B7E1 /* YoutubeVideoCell.swift */,
				59356FF01F6EB5DF00EFF311 /* CarTableViewCell.swift */,
				59939EF0204ACBA60038427F /* CarBoardTableViewCell.swift */,
				59DA64DD229099EA0077FD39 /* CarStageLaSiSeTableViewCell.swift */,
				593FE0F020F897EF0092B89F /* CarBoardTableViewCellPSNM.swift */,
				5952A3CA1F766A8900313132 /* CarStageTimingCell.swift */,
				594E504320E387B900CCC158 /* CompareStageTableViewCell.swift */,
				592BB04E2183263A00AD400C /* VideoSerieCell.swift */,
				592BB05421834FB600AD400C /* VideoSerieVideoCell.swift */,
			);
			path = Cells;
			sourceTree = "<group>";
		};
		59C590062397F17E00EE14AB /* Old */ = {
			isa = PBXGroup;
			children = (
				59A18AB11F6D0BBC008789BA /* Assets-Old.xcassets */,
				59C4C10B1F6D37F400B5B7E1 /* Services */,
				5990354E205D5C5F00D204F1 /* Segues */,
				59C4C10C1F6D413500B5B7E1 /* Cells */,
				59C4C10A1F6D37C500B5B7E1 /* ViewControllers */,
				59ED63851F6DBE39008A3A0F /* Views */,
				595D427F20494FEB002E8BE7 /* UIColor+JPColors.swift */,
				59ED63811F6D9A31008A3A0F /* UIViewController.swift */,
				59A18AAE1F6D0BBC008789BA /* Main-Old.storyboard */,
				59DA64D8229092CB0077FD39 /* Info-Old.storyboard */,
				59A18AB31F6D0BBC008789BA /* LaunchScreen-Old.storyboard */,
			);
			path = Old;
			sourceTree = "<group>";
		};
		59DA64DA229096080077FD39 /* LaSiSe */ = {
			isa = PBXGroup;
			children = (
				59DA64DB229096210077FD39 /* LaSiSeVC.swift */,
			);
			path = LaSiSe;
			sourceTree = "<group>";
		};
		59DE6112239A2D4F0004FCE6 /* TableView Header Views */ = {
			isa = PBXGroup;
			children = (
				594F392F23993A2B00D6ED20 /* MainNavigationHeader.xib */,
				59DE6110239A2CF40004FCE6 /* MainNavigationHeader.swift */,
				594F393123993AE600D6ED20 /* MainDetailsHeader.xib */,
				59DE6115239A2D8C0004FCE6 /* MainDetailsHeader.swift */,
			);
			path = "TableView Header Views";
			sourceTree = "<group>";
		};
		59DE6113239A2D6A0004FCE6 /* TableView Cells */ = {
			isa = PBXGroup;
			children = (
				59DE605F23994B830004FCE6 /* ManufacturersTableViewCell.swift */,
				59DE60652399558F0004FCE6 /* CarModelsTableViewCell.swift */,
				59DE6117239A326A0004FCE6 /* AdMobTableViewCell.swift */,
				59DE6119239A35720004FCE6 /* ShowDetailsTableViewCell.swift */,
				59DE611B239A3BD40004FCE6 /* YoutubeVideosTableViewCell.swift */,
				59DE611D239A3C190004FCE6 /* VideoSeriesTableViewCell.swift */,
			);
			path = "TableView Cells";
			sourceTree = "<group>";
		};
		59DE6114239A2D720004FCE6 /* CollectionView Cells */ = {
			isa = PBXGroup;
			children = (
				59DE606123994DF00004FCE6 /* ManufacturerCollectionViewCell.swift */,
				59DE6067239956230004FCE6 /* CarModelCollectionViewCell.swift */,
				59DE611F239A3C910004FCE6 /* YoutubeVideoCollectionViewCell.swift */,
				59DE6121239A3CF80004FCE6 /* VideoSerieCollectionViewCell.swift */,
			);
			path = "CollectionView Cells";
			sourceTree = "<group>";
		};
		59E4480620E17D7C003EE672 /* Compare */ = {
			isa = PBXGroup;
			children = (
				59E4480C20E17DA9003EE672 /* CompareVC.swift */,
			);
			path = Compare;
			sourceTree = "<group>";
		};
		59ED63801F6D9A1A008A3A0F /* Extenstions */ = {
			isa = PBXGroup;
			children = (
				5973F30C1F6DC88400A0FFE9 /* Formatter.swift */,
				5973F3131F6DC89C00A0FFE9 /* Integer.swift */,
				59356FF21F6EC6F700EFF311 /* Array.swift */,
				594E504520E399BF00CCC158 /* Collection.swift */,
				5969622A213DCE4500172F5F /* String.swift */,
				599145E52398097C005FDB11 /* UIApplication.swift */,
				59F9B47B239A6B54008AAF49 /* UIColor.swift */,
			);
			path = Extenstions;
			sourceTree = "<group>";
		};
		59ED63851F6DBE39008A3A0F /* Views */ = {
			isa = PBXGroup;
			children = (
				59ED63861F6DBE4C008A3A0F /* TagLabel.swift */,
				5946ECD92048914C0008C144 /* TabBarItem.swift */,
				592BB0562183D12700AD400C /* NavigationBar.swift */,
			);
			path = Views;
			sourceTree = "<group>";
		};
		59F9B45F239A54FA008AAF49 /* PerformanceBoard */ = {
			isa = PBXGroup;
			children = (
				59F9B460239A550D008AAF49 /* PerformanceBoard.storyboard */,
				59F9B462239A5600008AAF49 /* PerformanceBoardVC.swift */,
			);
			path = PerformanceBoard;
			sourceTree = "<group>";
		};
		59F9B464239A571C008AAF49 /* ManufacturersList */ = {
			isa = PBXGroup;
			children = (
				59F9B468239A5762008AAF49 /* ManufacturersList.storyboard */,
				59F9B473239A5EFE008AAF49 /* ManufacturersListVC.swift */,
			);
			path = ManufacturersList;
			sourceTree = "<group>";
		};
		59F9B465239A5732008AAF49 /* CarModelsSearch */ = {
			isa = PBXGroup;
			children = (
				59F9B46A239A5774008AAF49 /* CarModelsSearch.storyboard */,
				59F9B475239A5F0D008AAF49 /* CarModelsSearchVC.swift */,
			);
			path = CarModelsSearch;
			sourceTree = "<group>";
		};
		59F9B466239A573E008AAF49 /* YoutubeVideosList */ = {
			isa = PBXGroup;
			children = (
				59F9B46C239A5780008AAF49 /* YoutubeVideosList.storyboard */,
				59F9B477239A5F1F008AAF49 /* YoutubeVideosListVC.swift */,
			);
			path = YoutubeVideosList;
			sourceTree = "<group>";
		};
		59F9B467239A5746008AAF49 /* VideoSeriesList */ = {
			isa = PBXGroup;
			children = (
				59F9B46E239A5791008AAF49 /* VideoSeriesList.storyboard */,
				59F9B479239A5F33008AAF49 /* VideoSeriesListVC.swift */,
			);
			path = VideoSeriesList;
			sourceTree = "<group>";
		};
		59F9B470239A5DD0008AAF49 /* CarModelDetail */ = {
			isa = PBXGroup;
			children = (
				59F9B471239A5DDC008AAF49 /* CarModelDetail.storyboard */,
				59F9B47D239A7F86008AAF49 /* CarModelDetailVC.swift */,
				59F9B47F239A84DE008AAF49 /* TableView Header Views */,
				59F9B484239A867E008AAF49 /* TableView Cell */,
			);
			path = CarModelDetail;
			sourceTree = "<group>";
		};
		59F9B47F239A84DE008AAF49 /* TableView Header Views */ = {
			isa = PBXGroup;
			children = (
				59F9B480239A84FE008AAF49 /* CarModelDetailStageHeader.swift */,
				59F9B482239A8506008AAF49 /* CarModelDetailStageHeader.xib */,
			);
			path = "TableView Header Views";
			sourceTree = "<group>";
		};
		59F9B484239A867E008AAF49 /* TableView Cell */ = {
			isa = PBXGroup;
			children = (
				59F9B485239A8698008AAF49 /* CarModelTimingTableViewCell.swift */,
			);
			path = "TableView Cell";
			sourceTree = "<group>";
		};
/* End PBXGroup section */

/* Begin PBXNativeTarget section */
		59024D5B1F705D4B0022A61D /* JPPerformanceUITests */ = {
			isa = PBXNativeTarget;
			buildConfigurationList = 59024D6A1F705D4B0022A61D /* Build configuration list for PBXNativeTarget "JPPerformanceUITests" */;
			buildPhases = (
				A61B90EF31D101A9E491E6F2 /* [CP] Check Pods Manifest.lock */,
				59024D581F705D4B0022A61D /* Sources */,
				59024D591F705D4B0022A61D /* Frameworks */,
				59024D5A1F705D4B0022A61D /* Resources */,
				592BB05821850D4800AD400C /* Carthage Copy Frameworks */,
				8207464BB3750532764BF566 /* [CP] Embed Pods Frameworks */,
			);
			buildRules = (
			);
			dependencies = (
				59024D621F705D4B0022A61D /* PBXTargetDependency */,
			);
			name = JPPerformanceUITests;
			productName = JPPerformanceUITests;
			productReference = 59024D5C1F705D4B0022A61D /* JPPerformanceUITests.xctest */;
			productType = "com.apple.product-type.bundle.ui-testing";
		};
		59A18AA61F6D0BBC008789BA /* JPPerformance */ = {
			isa = PBXNativeTarget;
			buildConfigurationList = 59A18AB91F6D0BBC008789BA /* Build configuration list for PBXNativeTarget "JPPerformance" */;
			buildPhases = (
				3CCC8EF572C1EC585A5BED77 /* [CP] Check Pods Manifest.lock */,
				59A18AA31F6D0BBC008789BA /* Sources */,
				59A18AA41F6D0BBC008789BA /* Frameworks */,
				59A18AA51F6D0BBC008789BA /* Resources */,
				59ED637D1F6D6AB0008A3A0F /* Carthage Copy Frameworks */,
				21FC87C8A3FCD74E8EE390B1 /* [CP] Embed Pods Frameworks */,
				59DA5FCF22900B790077FD39 /* Swiftlint */,
			);
			buildRules = (
			);
			dependencies = (
			);
			name = JPPerformance;
			packageProductDependencies = (
				59C5900F2398016500EE14AB /* JPFanAppClient */,
			);
			productName = JPPerformance;
			productReference = 59A18AA71F6D0BBC008789BA /* JPPerformance.app */;
			productType = "com.apple.product-type.application";
		};
/* End PBXNativeTarget section */

/* Begin PBXProject section */
		59A18A9F1F6D0BBC008789BA /* Project object */ = {
			isa = PBXProject;
			attributes = {
				CLASSPREFIX = "";
				LastSwiftUpdateCheck = 1000;
				LastUpgradeCheck = 1120;
				ORGANIZATIONNAME = "Christoph Pageler";
				TargetAttributes = {
					59024D5B1F705D4B0022A61D = {
						CreatedOnToolsVersion = 9.0;
						ProvisioningStyle = Automatic;
						TestTargetID = 59A18AA61F6D0BBC008789BA;
					};
					59A18AA61F6D0BBC008789BA = {
						CreatedOnToolsVersion = 9.0;
						LastSwiftMigration = 0920;
						ProvisioningStyle = Manual;
						SystemCapabilities = {
							com.apple.Push = {
								enabled = 1;
							};
						};
					};
				};
			};
			buildConfigurationList = 59A18AA21F6D0BBC008789BA /* Build configuration list for PBXProject "JPPerformance" */;
			compatibilityVersion = "Xcode 8.0";
			developmentRegion = en;
			hasScannedForEncodings = 0;
			knownRegions = (
				en,
				Base,
				de,
			);
			mainGroup = 59A18A9E1F6D0BBC008789BA;
			packageReferences = (
				59C5900E2398016500EE14AB /* XCRemoteSwiftPackageReference "swift-client" */,
			);
			productRefGroup = 59A18AA81F6D0BBC008789BA /* Products */;
			projectDirPath = "";
			projectRoot = "";
			targets = (
				59A18AA61F6D0BBC008789BA /* JPPerformance */,
				59024D5B1F705D4B0022A61D /* JPPerformanceUITests */,
			);
		};
/* End PBXProject section */

/* Begin PBXResourcesBuildPhase section */
		59024D5A1F705D4B0022A61D /* Resources */ = {
			isa = PBXResourcesBuildPhase;
			buildActionMask = 2147483647;
			files = (
			);
			runOnlyForDeploymentPostprocessing = 0;
		};
		59A18AA51F6D0BBC008789BA /* Resources */ = {
			isa = PBXResourcesBuildPhase;
			buildActionMask = 2147483647;
			files = (
				5981E9982398F01C00CD57FF /* ManufacturerLogos.xcassets in Resources */,
				59696223213DC73B00172F5F /* Localizable.strings in Resources */,
				594F393223993AE600D6ED20 /* MainDetailsHeader.xib in Resources */,
				594F393023993A2B00D6ED20 /* MainNavigationHeader.xib in Resources */,
				59F9B46F239A5791008AAF49 /* VideoSeriesList.storyboard in Resources */,
				59DA5FD12290264C0077FD39 /* Keys.plist in Resources */,
				59C590052397F16A00EE14AB /* Assets.xcassets in Resources */,
				59F9B46D239A5780008AAF49 /* YoutubeVideosList.storyboard in Resources */,
				59C5900A2397F2CE00EE14AB /* Main.storyboard in Resources */,
				5981E99C2398FEF600CD57FF /* Colors.xcassets in Resources */,
				59F9B472239A5DDC008AAF49 /* CarModelDetail.storyboard in Resources */,
				59F9B461239A550D008AAF49 /* PerformanceBoard.storyboard in Resources */,
				59C590082397F2C400EE14AB /* LaunchScreen.storyboard in Resources */,
				59F9B483239A8506008AAF49 /* CarModelDetailStageHeader.xib in Resources */,
				59F9B46B239A5774008AAF49 /* CarModelsSearch.storyboard in Resources */,
				590B344A228E98E400D9FCB5 /* GoogleService-Info.plist in Resources */,
				59F9B469239A5762008AAF49 /* ManufacturersList.storyboard in Resources */,
			);
			runOnlyForDeploymentPostprocessing = 0;
		};
/* End PBXResourcesBuildPhase section */

/* Begin PBXShellScriptBuildPhase section */
		21FC87C8A3FCD74E8EE390B1 /* [CP] Embed Pods Frameworks */ = {
			isa = PBXShellScriptBuildPhase;
			buildActionMask = 2147483647;
			files = (
			);
			inputPaths = (
				"${PODS_ROOT}/Target Support Files/Pods-JPPerformance/Pods-JPPerformance-frameworks.sh",
				"${BUILT_PRODUCTS_DIR}/GoogleUtilities/GoogleUtilities.framework",
				"${BUILT_PRODUCTS_DIR}/nanopb/nanopb.framework",
			);
			name = "[CP] Embed Pods Frameworks";
			outputPaths = (
				"${TARGET_BUILD_DIR}/${FRAMEWORKS_FOLDER_PATH}/GoogleUtilities.framework",
				"${TARGET_BUILD_DIR}/${FRAMEWORKS_FOLDER_PATH}/nanopb.framework",
			);
			runOnlyForDeploymentPostprocessing = 0;
			shellPath = /bin/sh;
			shellScript = "\"${PODS_ROOT}/Target Support Files/Pods-JPPerformance/Pods-JPPerformance-frameworks.sh\"\n";
			showEnvVarsInLog = 0;
		};
		3CCC8EF572C1EC585A5BED77 /* [CP] Check Pods Manifest.lock */ = {
			isa = PBXShellScriptBuildPhase;
			buildActionMask = 2147483647;
			files = (
			);
			inputPaths = (
				"${PODS_PODFILE_DIR_PATH}/Podfile.lock",
				"${PODS_ROOT}/Manifest.lock",
			);
			name = "[CP] Check Pods Manifest.lock";
			outputPaths = (
				"$(DERIVED_FILE_DIR)/Pods-JPPerformance-checkManifestLockResult.txt",
			);
			runOnlyForDeploymentPostprocessing = 0;
			shellPath = /bin/sh;
			shellScript = "diff \"${PODS_PODFILE_DIR_PATH}/Podfile.lock\" \"${PODS_ROOT}/Manifest.lock\" > /dev/null\nif [ $? != 0 ] ; then\n    # print error to STDERR\n    echo \"error: The sandbox is not in sync with the Podfile.lock. Run 'pod install' or update your CocoaPods installation.\" >&2\n    exit 1\nfi\n# This output is used by Xcode 'outputs' to avoid re-running this script phase.\necho \"SUCCESS\" > \"${SCRIPT_OUTPUT_FILE_0}\"\n";
			showEnvVarsInLog = 0;
		};
		592BB05821850D4800AD400C /* Carthage Copy Frameworks */ = {
			isa = PBXShellScriptBuildPhase;
			buildActionMask = 2147483647;
			files = (
			);
			inputFileListPaths = (
			);
			inputPaths = (
				"$(SRCROOT)/Carthage/Build/iOS/SimulatorStatusMagiciOS.framework",
			);
			name = "Carthage Copy Frameworks";
			outputFileListPaths = (
			);
			outputPaths = (
			);
			runOnlyForDeploymentPostprocessing = 0;
			shellPath = /bin/sh;
			shellScript = "/usr/local/bin/carthage copy-frameworks\n";
		};
		59DA5FCF22900B790077FD39 /* Swiftlint */ = {
			isa = PBXShellScriptBuildPhase;
			buildActionMask = 2147483647;
			files = (
			);
			inputFileListPaths = (
			);
			inputPaths = (
			);
			name = Swiftlint;
			outputFileListPaths = (
			);
			outputPaths = (
			);
			runOnlyForDeploymentPostprocessing = 0;
			shellPath = /bin/sh;
			shellScript = "if which swiftlint >/dev/null; then\nswiftlint\nelse\necho \"warning: SwiftLint not installed, download from https://github.com/realm/SwiftLint\"\nfi\n";
		};
		59ED637D1F6D6AB0008A3A0F /* Carthage Copy Frameworks */ = {
			isa = PBXShellScriptBuildPhase;
			buildActionMask = 2147483647;
			files = (
			);
			inputPaths = (
				"$(SRCROOT)/Carthage/Build/iOS/YouTubePlayer.framework",
				"$(SRCROOT)/Carthage/Build/iOS/SwiftDate.framework",
				"$(SRCROOT)/Carthage/Build/iOS/ImageSlideshow.framework",
				"$(SRCROOT)/Carthage/Build/iOS/SwiftyStoreKit.framework",
				"$(SRCROOT)/Carthage/Build/iOS/Cache.framework",
			);
			name = "Carthage Copy Frameworks";
			outputPaths = (
				"$(BUILT_PRODUCTS_DIR)/$(FRAMEWORKS_FOLDER_PATH)/YouTubePlayer.framework",
				"$(BUILT_PRODUCTS_DIR)/$(FRAMEWORKS_FOLDER_PATH)/SwiftDate.framework",
				"$(BUILT_PRODUCTS_DIR)/$(FRAMEWORKS_FOLDER_PATH)/ImageSlideshow.framework",
				"$(BUILT_PRODUCTS_DIR)/$(FRAMEWORKS_FOLDER_PATH)/SwiftyStoreKit.framework",
				"$(BUILT_PRODUCTS_DIR)/$(FRAMEWORKS_FOLDER_PATH)/Cache.framework",
			);
			runOnlyForDeploymentPostprocessing = 0;
			shellPath = /bin/sh;
			shellScript = "/usr/local/bin/carthage copy-frameworks\n";
		};
		8207464BB3750532764BF566 /* [CP] Embed Pods Frameworks */ = {
			isa = PBXShellScriptBuildPhase;
			buildActionMask = 2147483647;
			files = (
			);
			inputFileListPaths = (
			);
			inputPaths = (
				"${PODS_ROOT}/Target Support Files/Pods-JPPerformanceUITests/Pods-JPPerformanceUITests-frameworks.sh",
				"${BUILT_PRODUCTS_DIR}/GoogleUtilities/GoogleUtilities.framework",
				"${BUILT_PRODUCTS_DIR}/nanopb/nanopb.framework",
			);
			name = "[CP] Embed Pods Frameworks";
			outputFileListPaths = (
			);
			outputPaths = (
				"${TARGET_BUILD_DIR}/${FRAMEWORKS_FOLDER_PATH}/GoogleUtilities.framework",
				"${TARGET_BUILD_DIR}/${FRAMEWORKS_FOLDER_PATH}/nanopb.framework",
			);
			runOnlyForDeploymentPostprocessing = 0;
			shellPath = /bin/sh;
			shellScript = "\"${PODS_ROOT}/Target Support Files/Pods-JPPerformanceUITests/Pods-JPPerformanceUITests-frameworks.sh\"\n";
			showEnvVarsInLog = 0;
		};
		A61B90EF31D101A9E491E6F2 /* [CP] Check Pods Manifest.lock */ = {
			isa = PBXShellScriptBuildPhase;
			buildActionMask = 2147483647;
			files = (
			);
			inputPaths = (
				"${PODS_PODFILE_DIR_PATH}/Podfile.lock",
				"${PODS_ROOT}/Manifest.lock",
			);
			name = "[CP] Check Pods Manifest.lock";
			outputPaths = (
				"$(DERIVED_FILE_DIR)/Pods-JPPerformanceUITests-checkManifestLockResult.txt",
			);
			runOnlyForDeploymentPostprocessing = 0;
			shellPath = /bin/sh;
			shellScript = "diff \"${PODS_PODFILE_DIR_PATH}/Podfile.lock\" \"${PODS_ROOT}/Manifest.lock\" > /dev/null\nif [ $? != 0 ] ; then\n    # print error to STDERR\n    echo \"error: The sandbox is not in sync with the Podfile.lock. Run 'pod install' or update your CocoaPods installation.\" >&2\n    exit 1\nfi\n# This output is used by Xcode 'outputs' to avoid re-running this script phase.\necho \"SUCCESS\" > \"${SCRIPT_OUTPUT_FILE_0}\"\n";
			showEnvVarsInLog = 0;
		};
/* End PBXShellScriptBuildPhase section */

/* Begin PBXSourcesBuildPhase section */
		59024D581F705D4B0022A61D /* Sources */ = {
			isa = PBXSourcesBuildPhase;
			buildActionMask = 2147483647;
			files = (
				59024D5F1F705D4B0022A61D /* JPPerformanceUITests.swift in Sources */,
				59024D6C1F705F7D0022A61D /* SnapshotHelper.swift in Sources */,
			);
			runOnlyForDeploymentPostprocessing = 0;
		};
		59A18AA31F6D0BBC008789BA /* Sources */ = {
			isa = PBXSourcesBuildPhase;
			buildActionMask = 2147483647;
			files = (
				59DE6122239A3CF80004FCE6 /* VideoSerieCollectionViewCell.swift in Sources */,
				59F9B481239A84FE008AAF49 /* CarModelDetailStageHeader.swift in Sources */,
				59DE611A239A35720004FCE6 /* ShowDetailsTableViewCell.swift in Sources */,
				5969622B213DCE4500172F5F /* String.swift in Sources */,
				59DE6068239956230004FCE6 /* CarModelCollectionViewCell.swift in Sources */,
				59F9B478239A5F1F008AAF49 /* YoutubeVideosListVC.swift in Sources */,
				59C590172398043700EE14AB /* Cache.swift in Sources */,
				59F9B476239A5F0D008AAF49 /* CarModelsSearchVC.swift in Sources */,
				59C5901A2398077000EE14AB /* Preferences.swift in Sources */,
				59F9B486239A8698008AAF49 /* CarModelTimingTableViewCell.swift in Sources */,
				5981E9852398E2E400CD57FF /* Cache+Manufacturers.swift in Sources */,
				5981E9932398E5CE00CD57FF /* Cache+VideoSerie.swift in Sources */,
				5981E9912398E58200CD57FF /* Cache+CarStageYoutubeVideoRelations.swift in Sources */,
				5981E99A2398FBFF00CD57FF /* MainVC.swift in Sources */,
				5973F30D1F6DC88400A0FFE9 /* Formatter.swift in Sources */,
				5981E98F2398E54300CD57FF /* Cache+YoutubeVideo.swift in Sources */,
				594E504620E399BF00CCC158 /* Collection.swift in Sources */,
				5973F3141F6DC89C00A0FFE9 /* Integer.swift in Sources */,
				59C590192398075B00EE14AB /* Review.swift in Sources */,
				59C5900D2398005D00EE14AB /* Keys.swift in Sources */,
				5981E98D2398E50600CD57FF /* Cache+StageTiming.swift in Sources */,
				5981E98B2398E4C700CD57FF /* Cache+CarStages.swift in Sources */,
				59DE606223994DF00004FCE6 /* ManufacturerCollectionViewCell.swift in Sources */,
				59F9B488239A94C6008AAF49 /* JPNavigationController.swift in Sources */,
				599145E723980AE3005FDB11 /* PurchaseService.swift in Sources */,
				59F9B47E239A7F86008AAF49 /* CarModelDetailVC.swift in Sources */,
				5981E9872398E37800CD57FF /* Cache+CarModels.swift in Sources */,
				59DE6118239A326A0004FCE6 /* AdMobTableViewCell.swift in Sources */,
				59DE6111239A2CF40004FCE6 /* MainNavigationHeader.swift in Sources */,
				59DE611C239A3BD40004FCE6 /* YoutubeVideosTableViewCell.swift in Sources */,
				599145E62398097C005FDB11 /* UIApplication.swift in Sources */,
				59C590182398072A00EE14AB /* Feedback.swift in Sources */,
				59F9B47A239A5F33008AAF49 /* VideoSeriesListVC.swift in Sources */,
				59C59015239803D400EE14AB /* HTTP.swift in Sources */,
				59DE6120239A3C910004FCE6 /* YoutubeVideoCollectionViewCell.swift in Sources */,
				59DE611E239A3C190004FCE6 /* VideoSeriesTableViewCell.swift in Sources */,
				59DE6116239A2D8C0004FCE6 /* MainDetailsHeader.swift in Sources */,
				59F9B47C239A6B54008AAF49 /* UIColor.swift in Sources */,
				5981E9952398E5FC00CD57FF /* Cache+VideoSerieYoutubeVideo.swift in Sources */,
				599145E423980856005FDB11 /* AdMob.swift in Sources */,
				59F9B463239A5600008AAF49 /* PerformanceBoardVC.swift in Sources */,
				59356FF31F6EC6F700EFF311 /* Array.swift in Sources */,
				59DE606423994FC40004FCE6 /* ManufacturerLogoMapper.swift in Sources */,
				59A18AAB1F6D0BBC008789BA /* AppDelegate.swift in Sources */,
				59DE6124239A48670004FCE6 /* Cache+PublicImage.swift in Sources */,
				59F9B474239A5EFE008AAF49 /* ManufacturersListVC.swift in Sources */,
				59DE60662399558F0004FCE6 /* CarModelsTableViewCell.swift in Sources */,
				59DE605E23993F0A0004FCE6 /* MainVC+ViewModel.swift in Sources */,
				5981E9892398E45F00CD57FF /* Cache+CarImages.swift in Sources */,
				59DE606023994B830004FCE6 /* ManufacturersTableViewCell.swift in Sources */,
			);
			runOnlyForDeploymentPostprocessing = 0;
		};
/* End PBXSourcesBuildPhase section */

/* Begin PBXTargetDependency section */
		59024D621F705D4B0022A61D /* PBXTargetDependency */ = {
			isa = PBXTargetDependency;
			target = 59A18AA61F6D0BBC008789BA /* JPPerformance */;
			targetProxy = 59024D611F705D4B0022A61D /* PBXContainerItemProxy */;
		};
/* End PBXTargetDependency section */

/* Begin PBXVariantGroup section */
		59696225213DC73B00172F5F /* Localizable.strings */ = {
			isa = PBXVariantGroup;
			children = (
				59696224213DC73B00172F5F /* en */,
				59696226213DC74B00172F5F /* de */,
			);
			name = Localizable.strings;
			sourceTree = "<group>";
		};
		59A18AAE1F6D0BBC008789BA /* Main-Old.storyboard */ = {
			isa = PBXVariantGroup;
			children = (
				59A18AAF1F6D0BBC008789BA /* Base */,
			);
			name = "Main-Old.storyboard";
			sourceTree = "<group>";
		};
		59A18AB31F6D0BBC008789BA /* LaunchScreen-Old.storyboard */ = {
			isa = PBXVariantGroup;
			children = (
				59A18AB41F6D0BBC008789BA /* Base */,
			);
			name = "LaunchScreen-Old.storyboard";
			sourceTree = "<group>";
		};
/* End PBXVariantGroup section */

/* Begin XCBuildConfiguration section */
		59024D631F705D4B0022A61D /* Debug */ = {
			isa = XCBuildConfiguration;
			baseConfigurationReference = 8BDFE7AE0C97D77AB4A043B1 /* Pods-JPPerformanceUITests.debug.xcconfig */;
			buildSettings = {
				CODE_SIGN_STYLE = Automatic;
				DEVELOPMENT_TEAM = 488D924Q6G;
				FRAMEWORK_SEARCH_PATHS = (
					"$(inherited)",
					"$(PROJECT_DIR)/Carthage/Build/iOS",
				);
				INFOPLIST_FILE = JPPerformanceUITests/Info.plist;
				LD_RUNPATH_SEARCH_PATHS = (
					"$(inherited)",
					"@executable_path/Frameworks",
					"@loader_path/Frameworks",
				);
				PRODUCT_BUNDLE_IDENTIFIER = com.pageler.christoph.JPPerformanceUITests;
				PRODUCT_NAME = "$(TARGET_NAME)";
				PROVISIONING_PROFILE = "";
				SWIFT_VERSION = 4.0;
				TARGETED_DEVICE_FAMILY = "1,2";
				TEST_TARGET_NAME = JPPerformance;
			};
			name = Debug;
		};
		59024D641F705D4B0022A61D /* Release */ = {
			isa = XCBuildConfiguration;
			baseConfigurationReference = 71B6FC84D17CED0DE96D2A03 /* Pods-JPPerformanceUITests.release.xcconfig */;
			buildSettings = {
				CODE_SIGN_STYLE = Automatic;
				DEVELOPMENT_TEAM = 488D924Q6G;
				FRAMEWORK_SEARCH_PATHS = (
					"$(inherited)",
					"$(PROJECT_DIR)/Carthage/Build/iOS",
				);
				INFOPLIST_FILE = JPPerformanceUITests/Info.plist;
				LD_RUNPATH_SEARCH_PATHS = (
					"$(inherited)",
					"@executable_path/Frameworks",
					"@loader_path/Frameworks",
				);
				PRODUCT_BUNDLE_IDENTIFIER = com.pageler.christoph.JPPerformanceUITests;
				PRODUCT_NAME = "$(TARGET_NAME)";
				PROVISIONING_PROFILE = "";
				SWIFT_VERSION = 4.0;
				TARGETED_DEVICE_FAMILY = "1,2";
				TEST_TARGET_NAME = JPPerformance;
			};
			name = Release;
		};
		59A18AB71F6D0BBC008789BA /* Debug */ = {
			isa = XCBuildConfiguration;
			buildSettings = {
				ALWAYS_SEARCH_USER_PATHS = NO;
				CLANG_ANALYZER_LOCALIZABILITY_NONLOCALIZED = YES;
				CLANG_ANALYZER_NONNULL = YES;
				CLANG_ANALYZER_NUMBER_OBJECT_CONVERSION = YES_AGGRESSIVE;
				CLANG_CXX_LANGUAGE_STANDARD = "gnu++14";
				CLANG_CXX_LIBRARY = "libc++";
				CLANG_ENABLE_MODULES = YES;
				CLANG_ENABLE_OBJC_ARC = YES;
				CLANG_WARN_BLOCK_CAPTURE_AUTORELEASING = YES;
				CLANG_WARN_BOOL_CONVERSION = YES;
				CLANG_WARN_COMMA = YES;
				CLANG_WARN_CONSTANT_CONVERSION = YES;
				CLANG_WARN_DEPRECATED_OBJC_IMPLEMENTATIONS = YES;
				CLANG_WARN_DIRECT_OBJC_ISA_USAGE = YES_ERROR;
				CLANG_WARN_DOCUMENTATION_COMMENTS = YES;
				CLANG_WARN_EMPTY_BODY = YES;
				CLANG_WARN_ENUM_CONVERSION = YES;
				CLANG_WARN_INFINITE_RECURSION = YES;
				CLANG_WARN_INT_CONVERSION = YES;
				CLANG_WARN_NON_LITERAL_NULL_CONVERSION = YES;
				CLANG_WARN_OBJC_IMPLICIT_RETAIN_SELF = YES;
				CLANG_WARN_OBJC_LITERAL_CONVERSION = YES;
				CLANG_WARN_OBJC_ROOT_CLASS = YES_ERROR;
				CLANG_WARN_RANGE_LOOP_ANALYSIS = YES;
				CLANG_WARN_STRICT_PROTOTYPES = YES;
				CLANG_WARN_SUSPICIOUS_MOVE = YES;
				CLANG_WARN_UNGUARDED_AVAILABILITY = YES_AGGRESSIVE;
				CLANG_WARN_UNREACHABLE_CODE = YES;
				CLANG_WARN__DUPLICATE_METHOD_MATCH = YES;
				CODE_SIGN_IDENTITY = "iPhone Developer";
				COPY_PHASE_STRIP = NO;
				DEBUG_INFORMATION_FORMAT = dwarf;
				ENABLE_STRICT_OBJC_MSGSEND = YES;
				ENABLE_TESTABILITY = YES;
				GCC_C_LANGUAGE_STANDARD = gnu11;
				GCC_DYNAMIC_NO_PIC = NO;
				GCC_NO_COMMON_BLOCKS = YES;
				GCC_OPTIMIZATION_LEVEL = 0;
				GCC_PREPROCESSOR_DEFINITIONS = (
					"DEBUG=1",
					"$(inherited)",
				);
				GCC_WARN_64_TO_32_BIT_CONVERSION = YES;
				GCC_WARN_ABOUT_RETURN_TYPE = YES_ERROR;
				GCC_WARN_UNDECLARED_SELECTOR = YES;
				GCC_WARN_UNINITIALIZED_AUTOS = YES_AGGRESSIVE;
				GCC_WARN_UNUSED_FUNCTION = YES;
				GCC_WARN_UNUSED_VARIABLE = YES;
				IPHONEOS_DEPLOYMENT_TARGET = 11.0;
				MTL_ENABLE_DEBUG_INFO = YES;
				ONLY_ACTIVE_ARCH = YES;
				SDKROOT = iphoneos;
				SWIFT_ACTIVE_COMPILATION_CONDITIONS = DEBUG;
				SWIFT_OPTIMIZATION_LEVEL = "-Onone";
			};
			name = Debug;
		};
		59A18AB81F6D0BBC008789BA /* Release */ = {
			isa = XCBuildConfiguration;
			buildSettings = {
				ALWAYS_SEARCH_USER_PATHS = NO;
				CLANG_ANALYZER_LOCALIZABILITY_NONLOCALIZED = YES;
				CLANG_ANALYZER_NONNULL = YES;
				CLANG_ANALYZER_NUMBER_OBJECT_CONVERSION = YES_AGGRESSIVE;
				CLANG_CXX_LANGUAGE_STANDARD = "gnu++14";
				CLANG_CXX_LIBRARY = "libc++";
				CLANG_ENABLE_MODULES = YES;
				CLANG_ENABLE_OBJC_ARC = YES;
				CLANG_WARN_BLOCK_CAPTURE_AUTORELEASING = YES;
				CLANG_WARN_BOOL_CONVERSION = YES;
				CLANG_WARN_COMMA = YES;
				CLANG_WARN_CONSTANT_CONVERSION = YES;
				CLANG_WARN_DEPRECATED_OBJC_IMPLEMENTATIONS = YES;
				CLANG_WARN_DIRECT_OBJC_ISA_USAGE = YES_ERROR;
				CLANG_WARN_DOCUMENTATION_COMMENTS = YES;
				CLANG_WARN_EMPTY_BODY = YES;
				CLANG_WARN_ENUM_CONVERSION = YES;
				CLANG_WARN_INFINITE_RECURSION = YES;
				CLANG_WARN_INT_CONVERSION = YES;
				CLANG_WARN_NON_LITERAL_NULL_CONVERSION = YES;
				CLANG_WARN_OBJC_IMPLICIT_RETAIN_SELF = YES;
				CLANG_WARN_OBJC_LITERAL_CONVERSION = YES;
				CLANG_WARN_OBJC_ROOT_CLASS = YES_ERROR;
				CLANG_WARN_RANGE_LOOP_ANALYSIS = YES;
				CLANG_WARN_STRICT_PROTOTYPES = YES;
				CLANG_WARN_SUSPICIOUS_MOVE = YES;
				CLANG_WARN_UNGUARDED_AVAILABILITY = YES_AGGRESSIVE;
				CLANG_WARN_UNREACHABLE_CODE = YES;
				CLANG_WARN__DUPLICATE_METHOD_MATCH = YES;
				CODE_SIGN_IDENTITY = "iPhone Developer";
				COPY_PHASE_STRIP = NO;
				DEBUG_INFORMATION_FORMAT = "dwarf-with-dsym";
				ENABLE_NS_ASSERTIONS = NO;
				ENABLE_STRICT_OBJC_MSGSEND = YES;
				GCC_C_LANGUAGE_STANDARD = gnu11;
				GCC_NO_COMMON_BLOCKS = YES;
				GCC_WARN_64_TO_32_BIT_CONVERSION = YES;
				GCC_WARN_ABOUT_RETURN_TYPE = YES_ERROR;
				GCC_WARN_UNDECLARED_SELECTOR = YES;
				GCC_WARN_UNINITIALIZED_AUTOS = YES_AGGRESSIVE;
				GCC_WARN_UNUSED_FUNCTION = YES;
				GCC_WARN_UNUSED_VARIABLE = YES;
				IPHONEOS_DEPLOYMENT_TARGET = 11.0;
				MTL_ENABLE_DEBUG_INFO = NO;
				SDKROOT = iphoneos;
				SWIFT_COMPILATION_MODE = wholemodule;
				SWIFT_OPTIMIZATION_LEVEL = "-O";
				VALIDATE_PRODUCT = YES;
			};
			name = Release;
		};
		59A18ABA1F6D0BBC008789BA /* Debug */ = {
			isa = XCBuildConfiguration;
			baseConfigurationReference = 5E5998CEA28124D5F48EA849 /* Pods-JPPerformance.debug.xcconfig */;
			buildSettings = {
				ASSETCATALOG_COMPILER_APPICON_NAME = AppIcon;
				CLANG_ENABLE_CODE_COVERAGE = NO;
				CLANG_ENABLE_MODULES = YES;
				CODE_SIGN_ENTITLEMENTS = JPPerformance/JPPerformance.entitlements;
				CODE_SIGN_STYLE = Manual;
				CURRENT_PROJECT_VERSION = 1.6.1;
				DEVELOPMENT_TEAM = 488D924Q6G;
				FRAMEWORK_SEARCH_PATHS = (
					"$(inherited)",
					"$(PROJECT_DIR)/Carthage/Build/iOS",
				);
				INFOPLIST_FILE = JPPerformance/Info.plist;
				IPHONEOS_DEPLOYMENT_TARGET = 11.0;
				LD_RUNPATH_SEARCH_PATHS = (
					"$(inherited)",
					"@executable_path/Frameworks",
				);
				PRODUCT_BUNDLE_IDENTIFIER = com.pageler.christoph.JPPerformance;
				PRODUCT_NAME = "$(TARGET_NAME)";
				PROVISIONING_PROFILE_SPECIFIER = "JP Performance Development";
				SWIFT_OBJC_BRIDGING_HEADER = "JPPerformance/JPPerformance-Bridging-Header.h";
				SWIFT_OPTIMIZATION_LEVEL = "-Onone";
				SWIFT_VERSION = 5.0;
				TARGETED_DEVICE_FAMILY = 1;
			};
			name = Debug;
		};
		59A18ABB1F6D0BBC008789BA /* Release */ = {
			isa = XCBuildConfiguration;
			baseConfigurationReference = 5EC8EB3C0BFD227B4EDE099B /* Pods-JPPerformance.release.xcconfig */;
			buildSettings = {
				ASSETCATALOG_COMPILER_APPICON_NAME = AppIcon;
				CLANG_ENABLE_CODE_COVERAGE = NO;
				CLANG_ENABLE_MODULES = YES;
				CODE_SIGN_ENTITLEMENTS = JPPerformance/JPPerformance.entitlements;
				CODE_SIGN_IDENTITY = "iPhone Distribution";
				CODE_SIGN_STYLE = Manual;
				CURRENT_PROJECT_VERSION = 1.6.1;
				DEVELOPMENT_TEAM = 488D924Q6G;
				FRAMEWORK_SEARCH_PATHS = (
					"$(inherited)",
					"$(PROJECT_DIR)/Carthage/Build/iOS",
				);
				INFOPLIST_FILE = JPPerformance/Info.plist;
				IPHONEOS_DEPLOYMENT_TARGET = 11.0;
				LD_RUNPATH_SEARCH_PATHS = (
					"$(inherited)",
					"@executable_path/Frameworks",
				);
				PRODUCT_BUNDLE_IDENTIFIER = com.pageler.christoph.JPPerformance;
				PRODUCT_NAME = "$(TARGET_NAME)";
				PROVISIONING_PROFILE_SPECIFIER = "JP Performance App Store";
				SWIFT_OBJC_BRIDGING_HEADER = "JPPerformance/JPPerformance-Bridging-Header.h";
				SWIFT_VERSION = 5.0;
				TARGETED_DEVICE_FAMILY = 1;
			};
			name = Release;
		};
/* End XCBuildConfiguration section */

/* Begin XCConfigurationList section */
		59024D6A1F705D4B0022A61D /* Build configuration list for PBXNativeTarget "JPPerformanceUITests" */ = {
			isa = XCConfigurationList;
			buildConfigurations = (
				59024D631F705D4B0022A61D /* Debug */,
				59024D641F705D4B0022A61D /* Release */,
			);
			defaultConfigurationIsVisible = 0;
			defaultConfigurationName = Release;
		};
		59A18AA21F6D0BBC008789BA /* Build configuration list for PBXProject "JPPerformance" */ = {
			isa = XCConfigurationList;
			buildConfigurations = (
				59A18AB71F6D0BBC008789BA /* Debug */,
				59A18AB81F6D0BBC008789BA /* Release */,
			);
			defaultConfigurationIsVisible = 0;
			defaultConfigurationName = Release;
		};
		59A18AB91F6D0BBC008789BA /* Build configuration list for PBXNativeTarget "JPPerformance" */ = {
			isa = XCConfigurationList;
			buildConfigurations = (
				59A18ABA1F6D0BBC008789BA /* Debug */,
				59A18ABB1F6D0BBC008789BA /* Release */,
			);
			defaultConfigurationIsVisible = 0;
			defaultConfigurationName = Release;
		};
/* End XCConfigurationList section */

/* Begin XCRemoteSwiftPackageReference section */
		59C5900E2398016500EE14AB /* XCRemoteSwiftPackageReference "swift-client" */ = {
			isa = XCRemoteSwiftPackageReference;
			repositoryURL = "https://github.com/jp-fan-app/swift-client";
			requirement = {
				kind = upToNextMajorVersion;
				minimumVersion = 1.0.0;
			};
		};
/* End XCRemoteSwiftPackageReference section */

/* Begin XCSwiftPackageProductDependency section */
		59C5900F2398016500EE14AB /* JPFanAppClient */ = {
			isa = XCSwiftPackageProductDependency;
			package = 59C5900E2398016500EE14AB /* XCRemoteSwiftPackageReference "swift-client" */;
			productName = JPFanAppClient;
		};
/* End XCSwiftPackageProductDependency section */
	};
	rootObject = 59A18A9F1F6D0BBC008789BA /* Project object */;
}
